// !$*UTF8*$!
{
	archiveVersion = 1;
	classes = {
	};
	objectVersion = 56;
	objects = {

/* Begin PBXBuildFile section */
		760C9E252923C735001CB755 /* BrowseNested.swift in Sources */ = {isa = PBXBuildFile; fileRef = 760C9DF52923C731001CB755 /* BrowseNested.swift */; };
		760C9E2A2923C735001CB755 /* BrowseScreen+Toolbar.swift in Sources */ = {isa = PBXBuildFile; fileRef = 760C9DFB2923C732001CB755 /* BrowseScreen+Toolbar.swift */; };
		760C9E2D2923C735001CB755 /* BrowseList+Menus.swift in Sources */ = {isa = PBXBuildFile; fileRef = 760C9DFF2923C732001CB755 /* BrowseList+Menus.swift */; };
		760C9E2E2923C735001CB755 /* BrowseStatusBar.swift in Sources */ = {isa = PBXBuildFile; fileRef = 760C9E002923C732001CB755 /* BrowseStatusBar.swift */; };
		760C9E2F2923C735001CB755 /* BrowseList.swift in Sources */ = {isa = PBXBuildFile; fileRef = 760C9E012923C732001CB755 /* BrowseList.swift */; };
		760C9E302923C735001CB755 /* BrowseSortButton.swift in Sources */ = {isa = PBXBuildFile; fileRef = 760C9E022923C732001CB755 /* BrowseSortButton.swift */; };
		760C9E312923C735001CB755 /* BrowseList+Toolbar.swift in Sources */ = {isa = PBXBuildFile; fileRef = 760C9E032923C732001CB755 /* BrowseList+Toolbar.swift */; };
		760C9E322923C735001CB755 /* BrowseLoadMore.swift in Sources */ = {isa = PBXBuildFile; fileRef = 760C9E042923C732001CB755 /* BrowseLoadMore.swift */; };
		760C9E332923C735001CB755 /* BrowseItems+Empty.swift in Sources */ = {isa = PBXBuildFile; fileRef = 760C9E052923C732001CB755 /* BrowseItems+Empty.swift */; };
		760C9E342923C735001CB755 /* BrowseItems.swift in Sources */ = {isa = PBXBuildFile; fileRef = 760C9E062923C732001CB755 /* BrowseItems.swift */; };
		760C9E352923C735001CB755 /* BrowseViewButton.swift in Sources */ = {isa = PBXBuildFile; fileRef = 760C9E072923C732001CB755 /* BrowseViewButton.swift */; };
		760C9E492923C735001CB755 /* GlobalSearch.swift in Sources */ = {isa = PBXBuildFile; fileRef = 760C9E222923C735001CB755 /* GlobalSearch.swift */; };
		760C9E4A2923C735001CB755 /* GlobalSearch+Suggestions.swift in Sources */ = {isa = PBXBuildFile; fileRef = 760C9E232923C735001CB755 /* GlobalSearch+Suggestions.swift */; };
		760C9E4B2923C735001CB755 /* GlobalSearch+Scopes.swift in Sources */ = {isa = PBXBuildFile; fileRef = 760C9E242923C735001CB755 /* GlobalSearch+Scopes.swift */; };
		76143B0228842C85006A7508 /* UI in Frameworks */ = {isa = PBXBuildFile; productRef = 76143B0128842C85006A7508 /* UI */; };
		76460FA7292A6E3B00C21ACE /* API in Frameworks */ = {isa = PBXBuildFile; productRef = 76460FA6292A6E3B00C21ACE /* API */; };
		764B908A292519BF00CBD767 /* Common in Frameworks */ = {isa = PBXBuildFile; productRef = 764B9089292519BF00CBD767 /* Common */; };
		767AC1132925173900766998 /* SidebarScreen+GlobalSearch.swift in Sources */ = {isa = PBXBuildFile; fileRef = 767AC1122925173900766998 /* SidebarScreen+GlobalSearch.swift */; };
		7685A195286868AC00A4BC3C /* App.swift in Sources */ = {isa = PBXBuildFile; fileRef = 7685A194286868AC00A4BC3C /* App.swift */; };
		7685A199286868AD00A4BC3C /* Assets.xcassets in Resources */ = {isa = PBXBuildFile; fileRef = 7685A198286868AD00A4BC3C /* Assets.xcassets */; };
		76864FBD291EA059000B9B45 /* SidebarScreen.swift in Sources */ = {isa = PBXBuildFile; fileRef = 76864FB5291EA059000B9B45 /* SidebarScreen.swift */; };
		76864FBF291EA059000B9B45 /* BrowseScreen.swift in Sources */ = {isa = PBXBuildFile; fileRef = 76864FB7291EA059000B9B45 /* BrowseScreen.swift */; };
		7694C9F429253A0D00BD81A0 /* PreviewScreen+Toolbar.swift in Sources */ = {isa = PBXBuildFile; fileRef = 7694C9F329253A0D00BD81A0 /* PreviewScreen+Toolbar.swift */; };
		7694C9F72926110A00BD81A0 /* PreviewScreen.swift in Sources */ = {isa = PBXBuildFile; fileRef = 7694C9F62926110A00BD81A0 /* PreviewScreen.swift */; };
		7694CA012926335700BD81A0 /* PreviewScreen+Mode.swift in Sources */ = {isa = PBXBuildFile; fileRef = 7694CA002926335700BD81A0 /* PreviewScreen+Mode.swift */; };
		7694CA032926527E00BD81A0 /* PreviewScreen+Title.swift in Sources */ = {isa = PBXBuildFile; fileRef = 7694CA022926527E00BD81A0 /* PreviewScreen+Title.swift */; };
		7694CA0529265B5000BD81A0 /* PreviewScreen+Action.swift in Sources */ = {isa = PBXBuildFile; fileRef = 7694CA0429265B5000BD81A0 /* PreviewScreen+Action.swift */; };
		7694CA072926629C00BD81A0 /* PreviewScreen+Options.swift in Sources */ = {isa = PBXBuildFile; fileRef = 7694CA062926629C00BD81A0 /* PreviewScreen+Options.swift */; };
		76BFE36E291E9F6B00DE9DB2 /* AppScene.swift in Sources */ = {isa = PBXBuildFile; fileRef = 76BFE369291E9F6B00DE9DB2 /* AppScene.swift */; };
		76BFE36F291E9F6B00DE9DB2 /* AppRouter.swift in Sources */ = {isa = PBXBuildFile; fileRef = 76BFE36A291E9F6B00DE9DB2 /* AppRouter.swift */; };
		76BFE370291E9F6B00DE9DB2 /* SettingsRouter.swift in Sources */ = {isa = PBXBuildFile; fileRef = 76BFE36B291E9F6B00DE9DB2 /* SettingsRouter.swift */; };
		76BFE371291E9F6B00DE9DB2 /* AuthScene.swift in Sources */ = {isa = PBXBuildFile; fileRef = 76BFE36C291E9F6B00DE9DB2 /* AuthScene.swift */; };
		76BFE372291E9F6B00DE9DB2 /* SettingsScene.swift in Sources */ = {isa = PBXBuildFile; fileRef = 76BFE36D291E9F6B00DE9DB2 /* SettingsScene.swift */; };
/* End PBXBuildFile section */

/* Begin PBXFileReference section */
		760C9DF52923C731001CB755 /* BrowseNested.swift */ = {isa = PBXFileReference; fileEncoding = 4; lastKnownFileType = sourcecode.swift; path = BrowseNested.swift; sourceTree = "<group>"; };
		760C9DFB2923C732001CB755 /* BrowseScreen+Toolbar.swift */ = {isa = PBXFileReference; fileEncoding = 4; lastKnownFileType = sourcecode.swift; path = "BrowseScreen+Toolbar.swift"; sourceTree = "<group>"; };
		760C9DFF2923C732001CB755 /* BrowseList+Menus.swift */ = {isa = PBXFileReference; fileEncoding = 4; lastKnownFileType = sourcecode.swift; path = "BrowseList+Menus.swift"; sourceTree = "<group>"; };
		760C9E002923C732001CB755 /* BrowseStatusBar.swift */ = {isa = PBXFileReference; fileEncoding = 4; lastKnownFileType = sourcecode.swift; path = BrowseStatusBar.swift; sourceTree = "<group>"; };
		760C9E012923C732001CB755 /* BrowseList.swift */ = {isa = PBXFileReference; fileEncoding = 4; lastKnownFileType = sourcecode.swift; path = BrowseList.swift; sourceTree = "<group>"; };
		760C9E022923C732001CB755 /* BrowseSortButton.swift */ = {isa = PBXFileReference; fileEncoding = 4; lastKnownFileType = sourcecode.swift; path = BrowseSortButton.swift; sourceTree = "<group>"; };
		760C9E032923C732001CB755 /* BrowseList+Toolbar.swift */ = {isa = PBXFileReference; fileEncoding = 4; lastKnownFileType = sourcecode.swift; path = "BrowseList+Toolbar.swift"; sourceTree = "<group>"; };
		760C9E042923C732001CB755 /* BrowseLoadMore.swift */ = {isa = PBXFileReference; fileEncoding = 4; lastKnownFileType = sourcecode.swift; path = BrowseLoadMore.swift; sourceTree = "<group>"; };
		760C9E052923C732001CB755 /* BrowseItems+Empty.swift */ = {isa = PBXFileReference; fileEncoding = 4; lastKnownFileType = sourcecode.swift; path = "BrowseItems+Empty.swift"; sourceTree = "<group>"; };
		760C9E062923C732001CB755 /* BrowseItems.swift */ = {isa = PBXFileReference; fileEncoding = 4; lastKnownFileType = sourcecode.swift; path = BrowseItems.swift; sourceTree = "<group>"; };
		760C9E072923C732001CB755 /* BrowseViewButton.swift */ = {isa = PBXFileReference; fileEncoding = 4; lastKnownFileType = sourcecode.swift; path = BrowseViewButton.swift; sourceTree = "<group>"; };
		760C9E222923C735001CB755 /* GlobalSearch.swift */ = {isa = PBXFileReference; fileEncoding = 4; lastKnownFileType = sourcecode.swift; path = GlobalSearch.swift; sourceTree = "<group>"; };
		760C9E232923C735001CB755 /* GlobalSearch+Suggestions.swift */ = {isa = PBXFileReference; fileEncoding = 4; lastKnownFileType = sourcecode.swift; path = "GlobalSearch+Suggestions.swift"; sourceTree = "<group>"; };
		760C9E242923C735001CB755 /* GlobalSearch+Scopes.swift */ = {isa = PBXFileReference; fileEncoding = 4; lastKnownFileType = sourcecode.swift; path = "GlobalSearch+Scopes.swift"; sourceTree = "<group>"; };
		7639A6AE286889DB00A76FE9 /* UI */ = {isa = PBXFileReference; lastKnownFileType = text; path = UI; sourceTree = SOURCE_ROOT; };
		765F0DDB287EE0FB001E34CA /* App.plist */ = {isa = PBXFileReference; lastKnownFileType = text.plist.xml; path = App.plist; sourceTree = "<group>"; };
		767AC1122925173900766998 /* SidebarScreen+GlobalSearch.swift */ = {isa = PBXFileReference; lastKnownFileType = sourcecode.swift; path = "SidebarScreen+GlobalSearch.swift"; sourceTree = "<group>"; };
		767AC1162925196F00766998 /* Common */ = {isa = PBXFileReference; lastKnownFileType = wrapper; path = Common; sourceTree = "<group>"; };
		7685A191286868AC00A4BC3C /* Raindrop.app */ = {isa = PBXFileReference; explicitFileType = wrapper.application; includeInIndex = 0; path = Raindrop.app; sourceTree = BUILT_PRODUCTS_DIR; };
		7685A194286868AC00A4BC3C /* App.swift */ = {isa = PBXFileReference; lastKnownFileType = sourcecode.swift; path = App.swift; sourceTree = "<group>"; };
		7685A198286868AD00A4BC3C /* Assets.xcassets */ = {isa = PBXFileReference; lastKnownFileType = folder.assetcatalog; path = Assets.xcassets; sourceTree = "<group>"; };
		7685A19A286868AD00A4BC3C /* App.entitlements */ = {isa = PBXFileReference; lastKnownFileType = text.plist.entitlements; path = App.entitlements; sourceTree = "<group>"; };
		7685A1AC286880F600A4BC3C /* API */ = {isa = PBXFileReference; lastKnownFileType = text; path = API; sourceTree = SOURCE_ROOT; };
		76864FB5291EA059000B9B45 /* SidebarScreen.swift */ = {isa = PBXFileReference; fileEncoding = 4; lastKnownFileType = sourcecode.swift; path = SidebarScreen.swift; sourceTree = "<group>"; };
		76864FB7291EA059000B9B45 /* BrowseScreen.swift */ = {isa = PBXFileReference; fileEncoding = 4; lastKnownFileType = sourcecode.swift; path = BrowseScreen.swift; sourceTree = "<group>"; };
		7694C9F329253A0D00BD81A0 /* PreviewScreen+Toolbar.swift */ = {isa = PBXFileReference; lastKnownFileType = sourcecode.swift; path = "PreviewScreen+Toolbar.swift"; sourceTree = "<group>"; };
		7694C9F62926110A00BD81A0 /* PreviewScreen.swift */ = {isa = PBXFileReference; lastKnownFileType = sourcecode.swift; path = PreviewScreen.swift; sourceTree = "<group>"; };
		7694CA002926335700BD81A0 /* PreviewScreen+Mode.swift */ = {isa = PBXFileReference; lastKnownFileType = sourcecode.swift; path = "PreviewScreen+Mode.swift"; sourceTree = "<group>"; };
		7694CA022926527E00BD81A0 /* PreviewScreen+Title.swift */ = {isa = PBXFileReference; lastKnownFileType = sourcecode.swift; path = "PreviewScreen+Title.swift"; sourceTree = "<group>"; };
		7694CA0429265B5000BD81A0 /* PreviewScreen+Action.swift */ = {isa = PBXFileReference; lastKnownFileType = sourcecode.swift; path = "PreviewScreen+Action.swift"; sourceTree = "<group>"; };
		7694CA062926629C00BD81A0 /* PreviewScreen+Options.swift */ = {isa = PBXFileReference; lastKnownFileType = sourcecode.swift; path = "PreviewScreen+Options.swift"; sourceTree = "<group>"; };
		76BFE369291E9F6B00DE9DB2 /* AppScene.swift */ = {isa = PBXFileReference; fileEncoding = 4; lastKnownFileType = sourcecode.swift; path = AppScene.swift; sourceTree = "<group>"; };
		76BFE36A291E9F6B00DE9DB2 /* AppRouter.swift */ = {isa = PBXFileReference; fileEncoding = 4; lastKnownFileType = sourcecode.swift; path = AppRouter.swift; sourceTree = "<group>"; };
		76BFE36B291E9F6B00DE9DB2 /* SettingsRouter.swift */ = {isa = PBXFileReference; fileEncoding = 4; lastKnownFileType = sourcecode.swift; path = SettingsRouter.swift; sourceTree = "<group>"; };
		76BFE36C291E9F6B00DE9DB2 /* AuthScene.swift */ = {isa = PBXFileReference; fileEncoding = 4; lastKnownFileType = sourcecode.swift; path = AuthScene.swift; sourceTree = "<group>"; };
		76BFE36D291E9F6B00DE9DB2 /* SettingsScene.swift */ = {isa = PBXFileReference; fileEncoding = 4; lastKnownFileType = sourcecode.swift; path = SettingsScene.swift; sourceTree = "<group>"; };
/* End PBXFileReference section */

/* Begin PBXFrameworksBuildPhase section */
		7685A18E286868AC00A4BC3C /* Frameworks */ = {
			isa = PBXFrameworksBuildPhase;
			buildActionMask = 2147483647;
			files = (
				76460FA7292A6E3B00C21ACE /* API in Frameworks */,
				76143B0228842C85006A7508 /* UI in Frameworks */,
				764B908A292519BF00CBD767 /* Common in Frameworks */,
			);
			runOnlyForDeploymentPostprocessing = 0;
		};
/* End PBXFrameworksBuildPhase section */

/* Begin PBXGroup section */
		760C9E212923C735001CB755 /* Search */ = {
			isa = PBXGroup;
			children = (
				760C9E222923C735001CB755 /* GlobalSearch.swift */,
				760C9E232923C735001CB755 /* GlobalSearch+Suggestions.swift */,
				760C9E242923C735001CB755 /* GlobalSearch+Scopes.swift */,
			);
			path = Search;
			sourceTree = "<group>";
		};
		767AC107292511CF00766998 /* Browse */ = {
			isa = PBXGroup;
			children = (
				76864FB7291EA059000B9B45 /* BrowseScreen.swift */,
				760C9DFB2923C732001CB755 /* BrowseScreen+Toolbar.swift */,
				760C9DF52923C731001CB755 /* BrowseNested.swift */,
				760C9E012923C732001CB755 /* BrowseList.swift */,
				760C9DFF2923C732001CB755 /* BrowseList+Menus.swift */,
				760C9E032923C732001CB755 /* BrowseList+Toolbar.swift */,
				760C9E002923C732001CB755 /* BrowseStatusBar.swift */,
				760C9E042923C732001CB755 /* BrowseLoadMore.swift */,
				760C9E062923C732001CB755 /* BrowseItems.swift */,
				760C9E052923C732001CB755 /* BrowseItems+Empty.swift */,
				760C9E022923C732001CB755 /* BrowseSortButton.swift */,
				760C9E072923C732001CB755 /* BrowseViewButton.swift */,
			);
			path = Browse;
			sourceTree = "<group>";
		};
		767AC10F2925147E00766998 /* Settings */ = {
			isa = PBXGroup;
			children = (
				76BFE36B291E9F6B00DE9DB2 /* SettingsRouter.swift */,
				76BFE36D291E9F6B00DE9DB2 /* SettingsScene.swift */,
			);
			path = Settings;
			sourceTree = "<group>";
		};
		767AC1102925148D00766998 /* Auth */ = {
			isa = PBXGroup;
			children = (
				76BFE36C291E9F6B00DE9DB2 /* AuthScene.swift */,
			);
			path = Auth;
			sourceTree = "<group>";
		};
		767AC111292514C500766998 /* Sidebar */ = {
			isa = PBXGroup;
			children = (
				76864FB5291EA059000B9B45 /* SidebarScreen.swift */,
				767AC1122925173900766998 /* SidebarScreen+GlobalSearch.swift */,
			);
			path = Sidebar;
			sourceTree = "<group>";
		};
		7685A188286868AC00A4BC3C = {
			isa = PBXGroup;
			children = (
				7685A1A428687C6000A4BC3C /* App */,
				767AC1162925196F00766998 /* Common */,
				7685A1AC286880F600A4BC3C /* API */,
				7639A6AE286889DB00A76FE9 /* UI */,
				7685A192286868AC00A4BC3C /* Products */,
				7685A1AD2868810D00A4BC3C /* Frameworks */,
			);
			sourceTree = "<group>";
		};
		7685A192286868AC00A4BC3C /* Products */ = {
			isa = PBXGroup;
			children = (
				7685A191286868AC00A4BC3C /* Raindrop.app */,
			);
			name = Products;
			sourceTree = "<group>";
		};
		7685A1A428687C6000A4BC3C /* App */ = {
			isa = PBXGroup;
			children = (
				767AC1102925148D00766998 /* Auth */,
				767AC107292511CF00766998 /* Browse */,
				7694C9F5292610F700BD81A0 /* Preview */,
				760C9E212923C735001CB755 /* Search */,
				767AC111292514C500766998 /* Sidebar */,
				767AC10F2925147E00766998 /* Settings */,
				7685A194286868AC00A4BC3C /* App.swift */,
				76BFE36A291E9F6B00DE9DB2 /* AppRouter.swift */,
				76BFE369291E9F6B00DE9DB2 /* AppScene.swift */,
				7685A19A286868AD00A4BC3C /* App.entitlements */,
				765F0DDB287EE0FB001E34CA /* App.plist */,
				7685A198286868AD00A4BC3C /* Assets.xcassets */,
			);
			path = App;
			sourceTree = "<group>";
		};
		7685A1AD2868810D00A4BC3C /* Frameworks */ = {
			isa = PBXGroup;
			children = (
			);
			name = Frameworks;
			sourceTree = "<group>";
		};
		7694C9F5292610F700BD81A0 /* Preview */ = {
			isa = PBXGroup;
			children = (
				7694C9F62926110A00BD81A0 /* PreviewScreen.swift */,
				7694CA002926335700BD81A0 /* PreviewScreen+Mode.swift */,
				7694CA022926527E00BD81A0 /* PreviewScreen+Title.swift */,
				7694CA0429265B5000BD81A0 /* PreviewScreen+Action.swift */,
				7694C9F329253A0D00BD81A0 /* PreviewScreen+Toolbar.swift */,
				7694CA062926629C00BD81A0 /* PreviewScreen+Options.swift */,
			);
			path = Preview;
			sourceTree = "<group>";
		};
/* End PBXGroup section */

/* Begin PBXNativeTarget section */
		7685A190286868AC00A4BC3C /* Raindrop */ = {
			isa = PBXNativeTarget;
			buildConfigurationList = 7685A1A0286868AD00A4BC3C /* Build configuration list for PBXNativeTarget "Raindrop" */;
			buildPhases = (
				7685A18D286868AC00A4BC3C /* Sources */,
				7685A18E286868AC00A4BC3C /* Frameworks */,
				7685A18F286868AC00A4BC3C /* Resources */,
			);
			buildRules = (
			);
			dependencies = (
			);
			name = Raindrop;
			packageProductDependencies = (
				76143B0128842C85006A7508 /* UI */,
				764B9089292519BF00CBD767 /* Common */,
				76460FA6292A6E3B00C21ACE /* API */,
			);
			productName = cupertino;
			productReference = 7685A191286868AC00A4BC3C /* Raindrop.app */;
			productType = "com.apple.product-type.application";
		};
/* End PBXNativeTarget section */

/* Begin PBXProject section */
		7685A189286868AC00A4BC3C /* Project object */ = {
			isa = PBXProject;
			attributes = {
				BuildIndependentTargetsInParallel = 1;
				LastSwiftUpdateCheck = 1400;
				LastUpgradeCheck = 1400;
				TargetAttributes = {
					7685A190286868AC00A4BC3C = {
						CreatedOnToolsVersion = 14.0;
					};
				};
			};
			buildConfigurationList = 7685A18C286868AC00A4BC3C /* Build configuration list for PBXProject "Raindrop" */;
			compatibilityVersion = "Xcode 14.0";
			developmentRegion = en;
			hasScannedForEncodings = 0;
			knownRegions = (
				en,
				Base,
			);
			mainGroup = 7685A188286868AC00A4BC3C;
			packageReferences = (
			);
			productRefGroup = 7685A192286868AC00A4BC3C /* Products */;
			projectDirPath = "";
			projectRoot = "";
			targets = (
				7685A190286868AC00A4BC3C /* Raindrop */,
			);
		};
/* End PBXProject section */

/* Begin PBXResourcesBuildPhase section */
		7685A18F286868AC00A4BC3C /* Resources */ = {
			isa = PBXResourcesBuildPhase;
			buildActionMask = 2147483647;
			files = (
				7685A199286868AD00A4BC3C /* Assets.xcassets in Resources */,
			);
			runOnlyForDeploymentPostprocessing = 0;
		};
/* End PBXResourcesBuildPhase section */

/* Begin PBXSourcesBuildPhase section */
		7685A18D286868AC00A4BC3C /* Sources */ = {
			isa = PBXSourcesBuildPhase;
			buildActionMask = 2147483647;
			files = (
				7694CA072926629C00BD81A0 /* PreviewScreen+Options.swift in Sources */,
				76864FBF291EA059000B9B45 /* BrowseScreen.swift in Sources */,
				760C9E312923C735001CB755 /* BrowseList+Toolbar.swift in Sources */,
				760C9E4B2923C735001CB755 /* GlobalSearch+Scopes.swift in Sources */,
				760C9E252923C735001CB755 /* BrowseNested.swift in Sources */,
				76864FBD291EA059000B9B45 /* SidebarScreen.swift in Sources */,
				7694CA012926335700BD81A0 /* PreviewScreen+Mode.swift in Sources */,
				760C9E332923C735001CB755 /* BrowseItems+Empty.swift in Sources */,
				760C9E2D2923C735001CB755 /* BrowseList+Menus.swift in Sources */,
				76BFE371291E9F6B00DE9DB2 /* AuthScene.swift in Sources */,
				7694C9F429253A0D00BD81A0 /* PreviewScreen+Toolbar.swift in Sources */,
				767AC1132925173900766998 /* SidebarScreen+GlobalSearch.swift in Sources */,
				760C9E302923C735001CB755 /* BrowseSortButton.swift in Sources */,
				7694CA032926527E00BD81A0 /* PreviewScreen+Title.swift in Sources */,
				76BFE372291E9F6B00DE9DB2 /* SettingsScene.swift in Sources */,
				760C9E322923C735001CB755 /* BrowseLoadMore.swift in Sources */,
				760C9E2F2923C735001CB755 /* BrowseList.swift in Sources */,
				7694CA0529265B5000BD81A0 /* PreviewScreen+Action.swift in Sources */,
				760C9E4A2923C735001CB755 /* GlobalSearch+Suggestions.swift in Sources */,
				760C9E352923C735001CB755 /* BrowseViewButton.swift in Sources */,
				760C9E2E2923C735001CB755 /* BrowseStatusBar.swift in Sources */,
				7694C9F72926110A00BD81A0 /* PreviewScreen.swift in Sources */,
				76BFE36F291E9F6B00DE9DB2 /* AppRouter.swift in Sources */,
				760C9E342923C735001CB755 /* BrowseItems.swift in Sources */,
				76BFE36E291E9F6B00DE9DB2 /* AppScene.swift in Sources */,
				760C9E492923C735001CB755 /* GlobalSearch.swift in Sources */,
				7685A195286868AC00A4BC3C /* App.swift in Sources */,
				760C9E2A2923C735001CB755 /* BrowseScreen+Toolbar.swift in Sources */,
				76BFE370291E9F6B00DE9DB2 /* SettingsRouter.swift in Sources */,
			);
			runOnlyForDeploymentPostprocessing = 0;
		};
/* End PBXSourcesBuildPhase section */

/* Begin XCBuildConfiguration section */
		7685A19E286868AD00A4BC3C /* Debug */ = {
			isa = XCBuildConfiguration;
			buildSettings = {
				ALWAYS_SEARCH_USER_PATHS = NO;
				CLANG_ANALYZER_NONNULL = YES;
				CLANG_ANALYZER_NUMBER_OBJECT_CONVERSION = YES_AGGRESSIVE;
				CLANG_CXX_LANGUAGE_STANDARD = "gnu++17";
				CLANG_ENABLE_MODULES = YES;
				CLANG_ENABLE_OBJC_ARC = YES;
				CLANG_ENABLE_OBJC_WEAK = YES;
				CLANG_WARN_BLOCK_CAPTURE_AUTORELEASING = YES;
				CLANG_WARN_BOOL_CONVERSION = YES;
				CLANG_WARN_COMMA = YES;
				CLANG_WARN_CONSTANT_CONVERSION = YES;
				CLANG_WARN_DEPRECATED_OBJC_IMPLEMENTATIONS = YES;
				CLANG_WARN_DIRECT_OBJC_ISA_USAGE = YES_ERROR;
				CLANG_WARN_DOCUMENTATION_COMMENTS = YES;
				CLANG_WARN_EMPTY_BODY = YES;
				CLANG_WARN_ENUM_CONVERSION = YES;
				CLANG_WARN_INFINITE_RECURSION = YES;
				CLANG_WARN_INT_CONVERSION = YES;
				CLANG_WARN_NON_LITERAL_NULL_CONVERSION = YES;
				CLANG_WARN_OBJC_IMPLICIT_RETAIN_SELF = YES;
				CLANG_WARN_OBJC_LITERAL_CONVERSION = YES;
				CLANG_WARN_OBJC_ROOT_CLASS = YES_ERROR;
				CLANG_WARN_QUOTED_INCLUDE_IN_FRAMEWORK_HEADER = YES;
				CLANG_WARN_RANGE_LOOP_ANALYSIS = YES;
				CLANG_WARN_STRICT_PROTOTYPES = YES;
				CLANG_WARN_SUSPICIOUS_MOVE = YES;
				CLANG_WARN_UNGUARDED_AVAILABILITY = YES_AGGRESSIVE;
				CLANG_WARN_UNREACHABLE_CODE = YES;
				CLANG_WARN__DUPLICATE_METHOD_MATCH = YES;
				COPY_PHASE_STRIP = NO;
				DEBUG_INFORMATION_FORMAT = dwarf;
				ENABLE_STRICT_OBJC_MSGSEND = YES;
				ENABLE_TESTABILITY = YES;
				GCC_C_LANGUAGE_STANDARD = gnu11;
				GCC_DYNAMIC_NO_PIC = NO;
				GCC_NO_COMMON_BLOCKS = YES;
				GCC_OPTIMIZATION_LEVEL = 0;
				GCC_PREPROCESSOR_DEFINITIONS = (
					"DEBUG=1",
					"$(inherited)",
				);
				GCC_WARN_64_TO_32_BIT_CONVERSION = YES;
				GCC_WARN_ABOUT_RETURN_TYPE = YES_ERROR;
				GCC_WARN_UNDECLARED_SELECTOR = YES;
				GCC_WARN_UNINITIALIZED_AUTOS = YES_AGGRESSIVE;
				GCC_WARN_UNUSED_FUNCTION = YES;
				GCC_WARN_UNUSED_VARIABLE = YES;
				MTL_ENABLE_DEBUG_INFO = INCLUDE_SOURCE;
				MTL_FAST_MATH = YES;
				ONLY_ACTIVE_ARCH = YES;
				SWIFT_ACTIVE_COMPILATION_CONDITIONS = DEBUG;
				SWIFT_OPTIMIZATION_LEVEL = "-Onone";
			};
			name = Debug;
		};
		7685A19F286868AD00A4BC3C /* Release */ = {
			isa = XCBuildConfiguration;
			buildSettings = {
				ALWAYS_SEARCH_USER_PATHS = NO;
				CLANG_ANALYZER_NONNULL = YES;
				CLANG_ANALYZER_NUMBER_OBJECT_CONVERSION = YES_AGGRESSIVE;
				CLANG_CXX_LANGUAGE_STANDARD = "gnu++17";
				CLANG_ENABLE_MODULES = YES;
				CLANG_ENABLE_OBJC_ARC = YES;
				CLANG_ENABLE_OBJC_WEAK = YES;
				CLANG_WARN_BLOCK_CAPTURE_AUTORELEASING = YES;
				CLANG_WARN_BOOL_CONVERSION = YES;
				CLANG_WARN_COMMA = YES;
				CLANG_WARN_CONSTANT_CONVERSION = YES;
				CLANG_WARN_DEPRECATED_OBJC_IMPLEMENTATIONS = YES;
				CLANG_WARN_DIRECT_OBJC_ISA_USAGE = YES_ERROR;
				CLANG_WARN_DOCUMENTATION_COMMENTS = YES;
				CLANG_WARN_EMPTY_BODY = YES;
				CLANG_WARN_ENUM_CONVERSION = YES;
				CLANG_WARN_INFINITE_RECURSION = YES;
				CLANG_WARN_INT_CONVERSION = YES;
				CLANG_WARN_NON_LITERAL_NULL_CONVERSION = YES;
				CLANG_WARN_OBJC_IMPLICIT_RETAIN_SELF = YES;
				CLANG_WARN_OBJC_LITERAL_CONVERSION = YES;
				CLANG_WARN_OBJC_ROOT_CLASS = YES_ERROR;
				CLANG_WARN_QUOTED_INCLUDE_IN_FRAMEWORK_HEADER = YES;
				CLANG_WARN_RANGE_LOOP_ANALYSIS = YES;
				CLANG_WARN_STRICT_PROTOTYPES = YES;
				CLANG_WARN_SUSPICIOUS_MOVE = YES;
				CLANG_WARN_UNGUARDED_AVAILABILITY = YES_AGGRESSIVE;
				CLANG_WARN_UNREACHABLE_CODE = YES;
				CLANG_WARN__DUPLICATE_METHOD_MATCH = YES;
				COPY_PHASE_STRIP = NO;
				DEBUG_INFORMATION_FORMAT = "dwarf-with-dsym";
				ENABLE_NS_ASSERTIONS = NO;
				ENABLE_STRICT_OBJC_MSGSEND = YES;
				GCC_C_LANGUAGE_STANDARD = gnu11;
				GCC_NO_COMMON_BLOCKS = YES;
				GCC_WARN_64_TO_32_BIT_CONVERSION = YES;
				GCC_WARN_ABOUT_RETURN_TYPE = YES_ERROR;
				GCC_WARN_UNDECLARED_SELECTOR = YES;
				GCC_WARN_UNINITIALIZED_AUTOS = YES_AGGRESSIVE;
				GCC_WARN_UNUSED_FUNCTION = YES;
				GCC_WARN_UNUSED_VARIABLE = YES;
				MTL_ENABLE_DEBUG_INFO = NO;
				MTL_FAST_MATH = YES;
				SWIFT_COMPILATION_MODE = wholemodule;
				SWIFT_OPTIMIZATION_LEVEL = "-O";
			};
			name = Release;
		};
		7685A1A1286868AD00A4BC3C /* Debug */ = {
			isa = XCBuildConfiguration;
			buildSettings = {
				ASSETCATALOG_COMPILER_APPICON_NAME = AppIcon;
				ASSETCATALOG_COMPILER_GLOBAL_ACCENT_COLOR_NAME = AccentColor;
				CODE_SIGN_ENTITLEMENTS = App/App.entitlements;
				"CODE_SIGN_IDENTITY[sdk=macosx*]" = "-";
				CODE_SIGN_STYLE = Automatic;
				CURRENT_PROJECT_VERSION = 1;
				DEVELOPMENT_ASSET_PATHS = "";
				DEVELOPMENT_TEAM = 7459JWM5TY;
				ENABLE_HARDENED_RUNTIME = YES;
				ENABLE_PREVIEWS = YES;
				GENERATE_INFOPLIST_FILE = YES;
				INFOPLIST_FILE = App/App.plist;
				INFOPLIST_KEY_CFBundleDisplayName = Raindrop.io;
				INFOPLIST_KEY_LSApplicationCategoryType = "public.app-category.productivity";
				INFOPLIST_KEY_NSHumanReadableCopyright = "";
				"INFOPLIST_KEY_UILaunchScreen_Generation[sdk=iphoneos*]" = YES;
				"INFOPLIST_KEY_UILaunchScreen_Generation[sdk=iphonesimulator*]" = YES;
				INFOPLIST_KEY_UISupportedInterfaceOrientations_iPad = "UIInterfaceOrientationPortrait UIInterfaceOrientationPortraitUpsideDown UIInterfaceOrientationLandscapeLeft UIInterfaceOrientationLandscapeRight";
				INFOPLIST_KEY_UISupportedInterfaceOrientations_iPhone = "UIInterfaceOrientationPortrait UIInterfaceOrientationLandscapeLeft UIInterfaceOrientationLandscapeRight";
				IPHONEOS_DEPLOYMENT_TARGET = 16.0;
				LD_RUNPATH_SEARCH_PATHS = "@executable_path/Frameworks";
				"LD_RUNPATH_SEARCH_PATHS[sdk=macosx*]" = "@executable_path/../Frameworks";
				MACOSX_DEPLOYMENT_TARGET = 13.0;
				MARKETING_VERSION = 1.0;
				PRODUCT_BUNDLE_IDENTIFIER = io.raindrop.cupertino;
				PRODUCT_NAME = "$(TARGET_NAME)";
				SDKROOT = auto;
				SUPPORTED_PLATFORMS = "iphoneos iphonesimulator macosx";
				SWIFT_EMIT_LOC_STRINGS = YES;
				SWIFT_VERSION = 5.0;
				TARGETED_DEVICE_FAMILY = "1,2";
			};
			name = Debug;
		};
		7685A1A2286868AD00A4BC3C /* Release */ = {
			isa = XCBuildConfiguration;
			buildSettings = {
				ASSETCATALOG_COMPILER_APPICON_NAME = AppIcon;
				ASSETCATALOG_COMPILER_GLOBAL_ACCENT_COLOR_NAME = AccentColor;
				CODE_SIGN_ENTITLEMENTS = App/App.entitlements;
				CODE_SIGN_STYLE = Automatic;
				CURRENT_PROJECT_VERSION = 1;
				DEVELOPMENT_ASSET_PATHS = "";
				DEVELOPMENT_TEAM = 7459JWM5TY;
				ENABLE_HARDENED_RUNTIME = YES;
				ENABLE_PREVIEWS = YES;
				GENERATE_INFOPLIST_FILE = YES;
				INFOPLIST_FILE = App/App.plist;
				INFOPLIST_KEY_CFBundleDisplayName = Raindrop.io;
				INFOPLIST_KEY_LSApplicationCategoryType = "public.app-category.productivity";
				INFOPLIST_KEY_NSHumanReadableCopyright = "";
				"INFOPLIST_KEY_UILaunchScreen_Generation[sdk=iphoneos*]" = YES;
				"INFOPLIST_KEY_UILaunchScreen_Generation[sdk=iphonesimulator*]" = YES;
				INFOPLIST_KEY_UISupportedInterfaceOrientations_iPad = "UIInterfaceOrientationPortrait UIInterfaceOrientationPortraitUpsideDown UIInterfaceOrientationLandscapeLeft UIInterfaceOrientationLandscapeRight";
				INFOPLIST_KEY_UISupportedInterfaceOrientations_iPhone = "UIInterfaceOrientationPortrait UIInterfaceOrientationLandscapeLeft UIInterfaceOrientationLandscapeRight";
				IPHONEOS_DEPLOYMENT_TARGET = 16.0;
				LD_RUNPATH_SEARCH_PATHS = "@executable_path/Frameworks";
				"LD_RUNPATH_SEARCH_PATHS[sdk=macosx*]" = "@executable_path/../Frameworks";
				MACOSX_DEPLOYMENT_TARGET = 13.0;
				MARKETING_VERSION = 1.0;
				PRODUCT_BUNDLE_IDENTIFIER = io.raindrop.cupertino;
				"PRODUCT_BUNDLE_IDENTIFIER[sdk=iphoneos*]" = io.raindrop.ios;
				"PRODUCT_BUNDLE_IDENTIFIER[sdk=macosx*]" = io.raindrop.safari;
				PRODUCT_NAME = "$(TARGET_NAME)";
				SDKROOT = auto;
				SUPPORTED_PLATFORMS = "iphoneos iphonesimulator macosx";
				SWIFT_EMIT_LOC_STRINGS = YES;
				SWIFT_VERSION = 5.0;
				TARGETED_DEVICE_FAMILY = "1,2";
			};
			name = Release;
		};
/* End XCBuildConfiguration section */

/* Begin XCConfigurationList section */
		7685A18C286868AC00A4BC3C /* Build configuration list for PBXProject "Raindrop" */ = {
			isa = XCConfigurationList;
			buildConfigurations = (
				7685A19E286868AD00A4BC3C /* Debug */,
				7685A19F286868AD00A4BC3C /* Release */,
			);
			defaultConfigurationIsVisible = 0;
			defaultConfigurationName = Release;
		};
		7685A1A0286868AD00A4BC3C /* Build configuration list for PBXNativeTarget "Raindrop" */ = {
			isa = XCConfigurationList;
			buildConfigurations = (
				7685A1A1286868AD00A4BC3C /* Debug */,
				7685A1A2286868AD00A4BC3C /* Release */,
			);
			defaultConfigurationIsVisible = 0;
			defaultConfigurationName = Release;
		};
/* End XCConfigurationList section */

/* Begin XCSwiftPackageProductDependency section */
		76143B0128842C85006A7508 /* UI */ = {
			isa = XCSwiftPackageProductDependency;
			productName = UI;
		};
		76460FA6292A6E3B00C21ACE /* API */ = {
			isa = XCSwiftPackageProductDependency;
			productName = API;
		};
		764B9089292519BF00CBD767 /* Common */ = {
			isa = XCSwiftPackageProductDependency;
			productName = Common;
		};
/* End XCSwiftPackageProductDependency section */
	};
	rootObject = 7685A189286868AC00A4BC3C /* Project object */;
}
