// !$*UTF8*$!
{
	archiveVersion = 1;
	classes = {
	};
	objectVersion = 56;
	objects = {

/* Begin PBXBuildFile section */
		7639A6A92868847C00A76FE9 /* SidebarView.swift in Sources */ = {isa = PBXBuildFile; fileRef = 7639A6A82868847C00A76FE9 /* SidebarView.swift */; };
		7639A6AD2868859800A76FE9 /* CollectionsTreeView.swift in Sources */ = {isa = PBXBuildFile; fileRef = 7639A6AC2868859800A76FE9 /* CollectionsTreeView.swift */; };
		7639A6B028688A7900A76FE9 /* UI in Frameworks */ = {isa = PBXBuildFile; productRef = 7639A6AF28688A7900A76FE9 /* UI */; };
		7639A6B528688B6000A76FE9 /* BrowserView.swift in Sources */ = {isa = PBXBuildFile; fileRef = 7639A6B428688B6000A76FE9 /* BrowserView.swift */; };
		7639A6B728688B7C00A76FE9 /* BrowserPage.swift in Sources */ = {isa = PBXBuildFile; fileRef = 7639A6B628688B7C00A76FE9 /* BrowserPage.swift */; };
		7639A6BA28688C3000A76FE9 /* SettingsView.swift in Sources */ = {isa = PBXBuildFile; fileRef = 7639A6B928688C3000A76FE9 /* SettingsView.swift */; };
		7639A6BC28688E3D00A76FE9 /* Main.swift in Sources */ = {isa = PBXBuildFile; fileRef = 7639A6BB28688E3D00A76FE9 /* Main.swift */; };
		7639A6BE286890CA00A76FE9 /* DetailView.swift in Sources */ = {isa = PBXBuildFile; fileRef = 7639A6BD286890CA00A76FE9 /* DetailView.swift */; };
		7639A6C02868925500A76FE9 /* SettingsPage.swift in Sources */ = {isa = PBXBuildFile; fileRef = 7639A6BF2868925500A76FE9 /* SettingsPage.swift */; };
		7639A6C32868934500A76FE9 /* ImportView.swift in Sources */ = {isa = PBXBuildFile; fileRef = 7639A6C22868934500A76FE9 /* ImportView.swift */; };
		7639A6C6286894E000A76FE9 /* RaindropView.swift in Sources */ = {isa = PBXBuildFile; fileRef = 7639A6C5286894E000A76FE9 /* RaindropView.swift */; };
		7639A6CA286895FD00A76FE9 /* RaindropsItemsView.swift in Sources */ = {isa = PBXBuildFile; fileRef = 7639A6C9286895FD00A76FE9 /* RaindropsItemsView.swift */; };
		7639A6CD286899E800A76FE9 /* ChildrenView.swift in Sources */ = {isa = PBXBuildFile; fileRef = 7639A6CC286899E800A76FE9 /* ChildrenView.swift */; };
		7639A6D028689AC600A76FE9 /* CollectionItemView.swift in Sources */ = {isa = PBXBuildFile; fileRef = 7639A6CF28689AC600A76FE9 /* CollectionItemView.swift */; };
		767362E92868AB6200A70B4B /* ChildrenLabelStyle.swift in Sources */ = {isa = PBXBuildFile; fileRef = 767362E82868AB6200A70B4B /* ChildrenLabelStyle.swift */; };
		7685A195286868AC00A4BC3C /* App.swift in Sources */ = {isa = PBXBuildFile; fileRef = 7685A194286868AC00A4BC3C /* App.swift */; };
		7685A197286868AC00A4BC3C /* HomeView.swift in Sources */ = {isa = PBXBuildFile; fileRef = 7685A196286868AC00A4BC3C /* HomeView.swift */; };
		7685A199286868AD00A4BC3C /* Assets.xcassets in Resources */ = {isa = PBXBuildFile; fileRef = 7685A198286868AD00A4BC3C /* Assets.xcassets */; };
		7685A1AF2868810D00A4BC3C /* API in Frameworks */ = {isa = PBXBuildFile; productRef = 7685A1AE2868810D00A4BC3C /* API */; };
/* End PBXBuildFile section */

/* Begin PBXFileReference section */
		7639A6A82868847C00A76FE9 /* SidebarView.swift */ = {isa = PBXFileReference; lastKnownFileType = sourcecode.swift; path = SidebarView.swift; sourceTree = "<group>"; };
		7639A6AC2868859800A76FE9 /* CollectionsTreeView.swift */ = {isa = PBXFileReference; lastKnownFileType = sourcecode.swift; path = CollectionsTreeView.swift; sourceTree = "<group>"; };
		7639A6AE286889DB00A76FE9 /* UI */ = {isa = PBXFileReference; lastKnownFileType = text; path = UI; sourceTree = SOURCE_ROOT; };
		7639A6B428688B6000A76FE9 /* BrowserView.swift */ = {isa = PBXFileReference; lastKnownFileType = sourcecode.swift; path = BrowserView.swift; sourceTree = "<group>"; };
		7639A6B628688B7C00A76FE9 /* BrowserPage.swift */ = {isa = PBXFileReference; lastKnownFileType = sourcecode.swift; path = BrowserPage.swift; sourceTree = "<group>"; };
		7639A6B928688C3000A76FE9 /* SettingsView.swift */ = {isa = PBXFileReference; lastKnownFileType = sourcecode.swift; path = SettingsView.swift; sourceTree = "<group>"; };
		7639A6BB28688E3D00A76FE9 /* Main.swift */ = {isa = PBXFileReference; lastKnownFileType = sourcecode.swift; path = Main.swift; sourceTree = "<group>"; };
		7639A6BD286890CA00A76FE9 /* DetailView.swift */ = {isa = PBXFileReference; lastKnownFileType = sourcecode.swift; path = DetailView.swift; sourceTree = "<group>"; };
		7639A6BF2868925500A76FE9 /* SettingsPage.swift */ = {isa = PBXFileReference; lastKnownFileType = sourcecode.swift; path = SettingsPage.swift; sourceTree = "<group>"; };
		7639A6C22868934500A76FE9 /* ImportView.swift */ = {isa = PBXFileReference; lastKnownFileType = sourcecode.swift; path = ImportView.swift; sourceTree = "<group>"; };
		7639A6C5286894E000A76FE9 /* RaindropView.swift */ = {isa = PBXFileReference; lastKnownFileType = sourcecode.swift; path = RaindropView.swift; sourceTree = "<group>"; };
		7639A6C9286895FD00A76FE9 /* RaindropsItemsView.swift */ = {isa = PBXFileReference; lastKnownFileType = sourcecode.swift; path = RaindropsItemsView.swift; sourceTree = "<group>"; };
		7639A6CC286899E800A76FE9 /* ChildrenView.swift */ = {isa = PBXFileReference; lastKnownFileType = sourcecode.swift; path = ChildrenView.swift; sourceTree = "<group>"; };
		7639A6CF28689AC600A76FE9 /* CollectionItemView.swift */ = {isa = PBXFileReference; lastKnownFileType = sourcecode.swift; path = CollectionItemView.swift; sourceTree = "<group>"; };
		767362E82868AB6200A70B4B /* ChildrenLabelStyle.swift */ = {isa = PBXFileReference; lastKnownFileType = sourcecode.swift; path = ChildrenLabelStyle.swift; sourceTree = "<group>"; };
		7685A191286868AC00A4BC3C /* Raindrop.app */ = {isa = PBXFileReference; explicitFileType = wrapper.application; includeInIndex = 0; path = Raindrop.app; sourceTree = BUILT_PRODUCTS_DIR; };
		7685A194286868AC00A4BC3C /* App.swift */ = {isa = PBXFileReference; lastKnownFileType = sourcecode.swift; path = App.swift; sourceTree = "<group>"; };
		7685A196286868AC00A4BC3C /* HomeView.swift */ = {isa = PBXFileReference; lastKnownFileType = sourcecode.swift; path = HomeView.swift; sourceTree = "<group>"; };
		7685A198286868AD00A4BC3C /* Assets.xcassets */ = {isa = PBXFileReference; lastKnownFileType = folder.assetcatalog; path = Assets.xcassets; sourceTree = "<group>"; };
		7685A19A286868AD00A4BC3C /* App.entitlements */ = {isa = PBXFileReference; lastKnownFileType = text.plist.entitlements; path = App.entitlements; sourceTree = "<group>"; };
		7685A1AC286880F600A4BC3C /* API */ = {isa = PBXFileReference; lastKnownFileType = text; path = API; sourceTree = SOURCE_ROOT; };
/* End PBXFileReference section */

/* Begin PBXFrameworksBuildPhase section */
		7685A18E286868AC00A4BC3C /* Frameworks */ = {
			isa = PBXFrameworksBuildPhase;
			buildActionMask = 2147483647;
			files = (
				7639A6B028688A7900A76FE9 /* UI in Frameworks */,
				7685A1AF2868810D00A4BC3C /* API in Frameworks */,
			);
			runOnlyForDeploymentPostprocessing = 0;
		};
/* End PBXFrameworksBuildPhase section */

/* Begin PBXGroup section */
		7639A6A72868846E00A76FE9 /* Navigation */ = {
			isa = PBXGroup;
			children = (
				7639A6BB28688E3D00A76FE9 /* Main.swift */,
				7685A196286868AC00A4BC3C /* HomeView.swift */,
				7639A6A82868847C00A76FE9 /* SidebarView.swift */,
				7639A6BD286890CA00A76FE9 /* DetailView.swift */,
			);
			path = Navigation;
			sourceTree = "<group>";
		};
		7639A6AA2868858100A76FE9 /* Collections */ = {
			isa = PBXGroup;
			children = (
				7639A6CE28689ABE00A76FE9 /* Item */,
				7639A6CB286899D700A76FE9 /* Children */,
				7639A6AB2868858F00A76FE9 /* Tree */,
			);
			path = Collections;
			sourceTree = "<group>";
		};
		7639A6AB2868858F00A76FE9 /* Tree */ = {
			isa = PBXGroup;
			children = (
				7639A6AC2868859800A76FE9 /* CollectionsTreeView.swift */,
			);
			path = Tree;
			sourceTree = "<group>";
		};
		7639A6B328688B2100A76FE9 /* Browser */ = {
			isa = PBXGroup;
			children = (
				7639A6B428688B6000A76FE9 /* BrowserView.swift */,
				7639A6B628688B7C00A76FE9 /* BrowserPage.swift */,
			);
			path = Browser;
			sourceTree = "<group>";
		};
		7639A6B828688C2700A76FE9 /* Settings */ = {
			isa = PBXGroup;
			children = (
				7639A6C12868933600A76FE9 /* Import */,
				7639A6B928688C3000A76FE9 /* SettingsView.swift */,
				7639A6BF2868925500A76FE9 /* SettingsPage.swift */,
			);
			path = Settings;
			sourceTree = "<group>";
		};
		7639A6C12868933600A76FE9 /* Import */ = {
			isa = PBXGroup;
			children = (
				7639A6C22868934500A76FE9 /* ImportView.swift */,
			);
			path = Import;
			sourceTree = "<group>";
		};
		7639A6C4286894C100A76FE9 /* Raindrop */ = {
			isa = PBXGroup;
			children = (
				7639A6C5286894E000A76FE9 /* RaindropView.swift */,
			);
			path = Raindrop;
			sourceTree = "<group>";
		};
		7639A6C7286895CB00A76FE9 /* Raindrops */ = {
			isa = PBXGroup;
			children = (
				7639A6C8286895D600A76FE9 /* Items */,
			);
			path = Raindrops;
			sourceTree = "<group>";
		};
		7639A6C8286895D600A76FE9 /* Items */ = {
			isa = PBXGroup;
			children = (
				7639A6C9286895FD00A76FE9 /* RaindropsItemsView.swift */,
			);
			path = Items;
			sourceTree = "<group>";
		};
		7639A6CB286899D700A76FE9 /* Children */ = {
			isa = PBXGroup;
			children = (
				7639A6CC286899E800A76FE9 /* ChildrenView.swift */,
				767362E82868AB6200A70B4B /* ChildrenLabelStyle.swift */,
			);
			path = Children;
			sourceTree = "<group>";
		};
		7639A6CE28689ABE00A76FE9 /* Item */ = {
			isa = PBXGroup;
			children = (
				7639A6CF28689AC600A76FE9 /* CollectionItemView.swift */,
			);
			path = Item;
			sourceTree = "<group>";
		};
		7685A188286868AC00A4BC3C = {
			isa = PBXGroup;
			children = (
				7685A1A428687C6000A4BC3C /* App */,
				7685A1A728687DB300A4BC3C /* Features */,
				7685A1AC286880F600A4BC3C /* API */,
				7639A6AE286889DB00A76FE9 /* UI */,
				7685A192286868AC00A4BC3C /* Products */,
				7685A1AD2868810D00A4BC3C /* Frameworks */,
			);
			sourceTree = "<group>";
		};
		7685A192286868AC00A4BC3C /* Products */ = {
			isa = PBXGroup;
			children = (
				7685A191286868AC00A4BC3C /* Raindrop.app */,
			);
			name = Products;
			sourceTree = "<group>";
		};
		7685A1A428687C6000A4BC3C /* App */ = {
			isa = PBXGroup;
			children = (
				7639A6A72868846E00A76FE9 /* Navigation */,
				7639A6B328688B2100A76FE9 /* Browser */,
				7639A6C4286894C100A76FE9 /* Raindrop */,
				7639A6B828688C2700A76FE9 /* Settings */,
				7685A194286868AC00A4BC3C /* App.swift */,
				7685A19A286868AD00A4BC3C /* App.entitlements */,
				7685A198286868AD00A4BC3C /* Assets.xcassets */,
			);
			path = App;
			sourceTree = "<group>";
		};
		7685A1A728687DB300A4BC3C /* Features */ = {
			isa = PBXGroup;
			children = (
				7639A6AA2868858100A76FE9 /* Collections */,
				7639A6C7286895CB00A76FE9 /* Raindrops */,
			);
			path = Features;
			sourceTree = "<group>";
		};
		7685A1AD2868810D00A4BC3C /* Frameworks */ = {
			isa = PBXGroup;
			children = (
			);
			name = Frameworks;
			sourceTree = "<group>";
		};
/* End PBXGroup section */

/* Begin PBXNativeTarget section */
		7685A190286868AC00A4BC3C /* Raindrop */ = {
			isa = PBXNativeTarget;
			buildConfigurationList = 7685A1A0286868AD00A4BC3C /* Build configuration list for PBXNativeTarget "Raindrop" */;
			buildPhases = (
				7685A18D286868AC00A4BC3C /* Sources */,
				7685A18E286868AC00A4BC3C /* Frameworks */,
				7685A18F286868AC00A4BC3C /* Resources */,
			);
			buildRules = (
			);
			dependencies = (
			);
			name = Raindrop;
			packageProductDependencies = (
				7685A1AE2868810D00A4BC3C /* API */,
				7639A6AF28688A7900A76FE9 /* UI */,
			);
			productName = cupertino;
			productReference = 7685A191286868AC00A4BC3C /* Raindrop.app */;
			productType = "com.apple.product-type.application";
		};
/* End PBXNativeTarget section */

/* Begin PBXProject section */
		7685A189286868AC00A4BC3C /* Project object */ = {
			isa = PBXProject;
			attributes = {
				BuildIndependentTargetsInParallel = 1;
				LastSwiftUpdateCheck = 1400;
				LastUpgradeCheck = 1400;
				TargetAttributes = {
					7685A190286868AC00A4BC3C = {
						CreatedOnToolsVersion = 14.0;
					};
				};
			};
			buildConfigurationList = 7685A18C286868AC00A4BC3C /* Build configuration list for PBXProject "Raindrop" */;
			compatibilityVersion = "Xcode 14.0";
			developmentRegion = en;
			hasScannedForEncodings = 0;
			knownRegions = (
				en,
				Base,
			);
			mainGroup = 7685A188286868AC00A4BC3C;
			productRefGroup = 7685A192286868AC00A4BC3C /* Products */;
			projectDirPath = "";
			projectRoot = "";
			targets = (
				7685A190286868AC00A4BC3C /* Raindrop */,
			);
		};
/* End PBXProject section */

/* Begin PBXResourcesBuildPhase section */
		7685A18F286868AC00A4BC3C /* Resources */ = {
			isa = PBXResourcesBuildPhase;
			buildActionMask = 2147483647;
			files = (
				7685A199286868AD00A4BC3C /* Assets.xcassets in Resources */,
			);
			runOnlyForDeploymentPostprocessing = 0;
		};
/* End PBXResourcesBuildPhase section */

/* Begin PBXSourcesBuildPhase section */
		7685A18D286868AC00A4BC3C /* Sources */ = {
			isa = PBXSourcesBuildPhase;
			buildActionMask = 2147483647;
			files = (
				7639A6B528688B6000A76FE9 /* BrowserView.swift in Sources */,
				7639A6C32868934500A76FE9 /* ImportView.swift in Sources */,
				7639A6BE286890CA00A76FE9 /* DetailView.swift in Sources */,
				7685A197286868AC00A4BC3C /* HomeView.swift in Sources */,
				7639A6BC28688E3D00A76FE9 /* Main.swift in Sources */,
				7639A6D028689AC600A76FE9 /* CollectionItemView.swift in Sources */,
				7639A6B728688B7C00A76FE9 /* BrowserPage.swift in Sources */,
				7639A6A92868847C00A76FE9 /* SidebarView.swift in Sources */,
				767362E92868AB6200A70B4B /* ChildrenLabelStyle.swift in Sources */,
				7639A6C6286894E000A76FE9 /* RaindropView.swift in Sources */,
				7639A6CA286895FD00A76FE9 /* RaindropsItemsView.swift in Sources */,
				7639A6BA28688C3000A76FE9 /* SettingsView.swift in Sources */,
				7685A195286868AC00A4BC3C /* App.swift in Sources */,
				7639A6AD2868859800A76FE9 /* CollectionsTreeView.swift in Sources */,
				7639A6C02868925500A76FE9 /* SettingsPage.swift in Sources */,
				7639A6CD286899E800A76FE9 /* ChildrenView.swift in Sources */,
			);
			runOnlyForDeploymentPostprocessing = 0;
		};
/* End PBXSourcesBuildPhase section */

/* Begin XCBuildConfiguration section */
		7685A19E286868AD00A4BC3C /* Debug */ = {
			isa = XCBuildConfiguration;
			buildSettings = {
				ALWAYS_SEARCH_USER_PATHS = NO;
				CLANG_ANALYZER_NONNULL = YES;
				CLANG_ANALYZER_NUMBER_OBJECT_CONVERSION = YES_AGGRESSIVE;
				CLANG_CXX_LANGUAGE_STANDARD = "gnu++17";
				CLANG_ENABLE_MODULES = YES;
				CLANG_ENABLE_OBJC_ARC = YES;
				CLANG_ENABLE_OBJC_WEAK = YES;
				CLANG_WARN_BLOCK_CAPTURE_AUTORELEASING = YES;
				CLANG_WARN_BOOL_CONVERSION = YES;
				CLANG_WARN_COMMA = YES;
				CLANG_WARN_CONSTANT_CONVERSION = YES;
				CLANG_WARN_DEPRECATED_OBJC_IMPLEMENTATIONS = YES;
				CLANG_WARN_DIRECT_OBJC_ISA_USAGE = YES_ERROR;
				CLANG_WARN_DOCUMENTATION_COMMENTS = YES;
				CLANG_WARN_EMPTY_BODY = YES;
				CLANG_WARN_ENUM_CONVERSION = YES;
				CLANG_WARN_INFINITE_RECURSION = YES;
				CLANG_WARN_INT_CONVERSION = YES;
				CLANG_WARN_NON_LITERAL_NULL_CONVERSION = YES;
				CLANG_WARN_OBJC_IMPLICIT_RETAIN_SELF = YES;
				CLANG_WARN_OBJC_LITERAL_CONVERSION = YES;
				CLANG_WARN_OBJC_ROOT_CLASS = YES_ERROR;
				CLANG_WARN_QUOTED_INCLUDE_IN_FRAMEWORK_HEADER = YES;
				CLANG_WARN_RANGE_LOOP_ANALYSIS = YES;
				CLANG_WARN_STRICT_PROTOTYPES = YES;
				CLANG_WARN_SUSPICIOUS_MOVE = YES;
				CLANG_WARN_UNGUARDED_AVAILABILITY = YES_AGGRESSIVE;
				CLANG_WARN_UNREACHABLE_CODE = YES;
				CLANG_WARN__DUPLICATE_METHOD_MATCH = YES;
				COPY_PHASE_STRIP = NO;
				DEBUG_INFORMATION_FORMAT = dwarf;
				ENABLE_STRICT_OBJC_MSGSEND = YES;
				ENABLE_TESTABILITY = YES;
				GCC_C_LANGUAGE_STANDARD = gnu11;
				GCC_DYNAMIC_NO_PIC = NO;
				GCC_NO_COMMON_BLOCKS = YES;
				GCC_OPTIMIZATION_LEVEL = 0;
				GCC_PREPROCESSOR_DEFINITIONS = (
					"DEBUG=1",
					"$(inherited)",
				);
				GCC_WARN_64_TO_32_BIT_CONVERSION = YES;
				GCC_WARN_ABOUT_RETURN_TYPE = YES_ERROR;
				GCC_WARN_UNDECLARED_SELECTOR = YES;
				GCC_WARN_UNINITIALIZED_AUTOS = YES_AGGRESSIVE;
				GCC_WARN_UNUSED_FUNCTION = YES;
				GCC_WARN_UNUSED_VARIABLE = YES;
				MTL_ENABLE_DEBUG_INFO = INCLUDE_SOURCE;
				MTL_FAST_MATH = YES;
				ONLY_ACTIVE_ARCH = YES;
				SWIFT_ACTIVE_COMPILATION_CONDITIONS = DEBUG;
				SWIFT_OPTIMIZATION_LEVEL = "-Onone";
			};
			name = Debug;
		};
		7685A19F286868AD00A4BC3C /* Release */ = {
			isa = XCBuildConfiguration;
			buildSettings = {
				ALWAYS_SEARCH_USER_PATHS = NO;
				CLANG_ANALYZER_NONNULL = YES;
				CLANG_ANALYZER_NUMBER_OBJECT_CONVERSION = YES_AGGRESSIVE;
				CLANG_CXX_LANGUAGE_STANDARD = "gnu++17";
				CLANG_ENABLE_MODULES = YES;
				CLANG_ENABLE_OBJC_ARC = YES;
				CLANG_ENABLE_OBJC_WEAK = YES;
				CLANG_WARN_BLOCK_CAPTURE_AUTORELEASING = YES;
				CLANG_WARN_BOOL_CONVERSION = YES;
				CLANG_WARN_COMMA = YES;
				CLANG_WARN_CONSTANT_CONVERSION = YES;
				CLANG_WARN_DEPRECATED_OBJC_IMPLEMENTATIONS = YES;
				CLANG_WARN_DIRECT_OBJC_ISA_USAGE = YES_ERROR;
				CLANG_WARN_DOCUMENTATION_COMMENTS = YES;
				CLANG_WARN_EMPTY_BODY = YES;
				CLANG_WARN_ENUM_CONVERSION = YES;
				CLANG_WARN_INFINITE_RECURSION = YES;
				CLANG_WARN_INT_CONVERSION = YES;
				CLANG_WARN_NON_LITERAL_NULL_CONVERSION = YES;
				CLANG_WARN_OBJC_IMPLICIT_RETAIN_SELF = YES;
				CLANG_WARN_OBJC_LITERAL_CONVERSION = YES;
				CLANG_WARN_OBJC_ROOT_CLASS = YES_ERROR;
				CLANG_WARN_QUOTED_INCLUDE_IN_FRAMEWORK_HEADER = YES;
				CLANG_WARN_RANGE_LOOP_ANALYSIS = YES;
				CLANG_WARN_STRICT_PROTOTYPES = YES;
				CLANG_WARN_SUSPICIOUS_MOVE = YES;
				CLANG_WARN_UNGUARDED_AVAILABILITY = YES_AGGRESSIVE;
				CLANG_WARN_UNREACHABLE_CODE = YES;
				CLANG_WARN__DUPLICATE_METHOD_MATCH = YES;
				COPY_PHASE_STRIP = NO;
				DEBUG_INFORMATION_FORMAT = "dwarf-with-dsym";
				ENABLE_NS_ASSERTIONS = NO;
				ENABLE_STRICT_OBJC_MSGSEND = YES;
				GCC_C_LANGUAGE_STANDARD = gnu11;
				GCC_NO_COMMON_BLOCKS = YES;
				GCC_WARN_64_TO_32_BIT_CONVERSION = YES;
				GCC_WARN_ABOUT_RETURN_TYPE = YES_ERROR;
				GCC_WARN_UNDECLARED_SELECTOR = YES;
				GCC_WARN_UNINITIALIZED_AUTOS = YES_AGGRESSIVE;
				GCC_WARN_UNUSED_FUNCTION = YES;
				GCC_WARN_UNUSED_VARIABLE = YES;
				MTL_ENABLE_DEBUG_INFO = NO;
				MTL_FAST_MATH = YES;
				SWIFT_COMPILATION_MODE = wholemodule;
				SWIFT_OPTIMIZATION_LEVEL = "-O";
			};
			name = Release;
		};
		7685A1A1286868AD00A4BC3C /* Debug */ = {
			isa = XCBuildConfiguration;
			buildSettings = {
				ASSETCATALOG_COMPILER_APPICON_NAME = AppIcon;
				ASSETCATALOG_COMPILER_GLOBAL_ACCENT_COLOR_NAME = AccentColor;
				CODE_SIGN_ENTITLEMENTS = App/App.entitlements;
				CODE_SIGN_STYLE = Automatic;
				CURRENT_PROJECT_VERSION = 1;
				DEVELOPMENT_ASSET_PATHS = "";
				DEVELOPMENT_TEAM = 7459JWM5TY;
				ENABLE_HARDENED_RUNTIME = YES;
				ENABLE_PREVIEWS = YES;
				GENERATE_INFOPLIST_FILE = YES;
				INFOPLIST_FILE = "";
				INFOPLIST_KEY_CFBundleDisplayName = Raindrop.io;
				INFOPLIST_KEY_LSApplicationCategoryType = "public.app-category.productivity";
				INFOPLIST_KEY_NSHumanReadableCopyright = "";
				"INFOPLIST_KEY_UILaunchScreen_Generation[sdk=iphoneos*]" = YES;
				"INFOPLIST_KEY_UILaunchScreen_Generation[sdk=iphonesimulator*]" = YES;
				INFOPLIST_KEY_UISupportedInterfaceOrientations_iPad = "UIInterfaceOrientationPortrait UIInterfaceOrientationPortraitUpsideDown UIInterfaceOrientationLandscapeLeft UIInterfaceOrientationLandscapeRight";
				INFOPLIST_KEY_UISupportedInterfaceOrientations_iPhone = "UIInterfaceOrientationPortrait UIInterfaceOrientationLandscapeLeft UIInterfaceOrientationLandscapeRight";
				IPHONEOS_DEPLOYMENT_TARGET = 16.0;
				LD_RUNPATH_SEARCH_PATHS = "@executable_path/Frameworks";
				"LD_RUNPATH_SEARCH_PATHS[sdk=macosx*]" = "@executable_path/../Frameworks";
				MACOSX_DEPLOYMENT_TARGET = 13.0;
				MARKETING_VERSION = 1.0;
				PRODUCT_BUNDLE_IDENTIFIER = io.raindrop.cupertino;
				PRODUCT_NAME = "$(TARGET_NAME)";
				SDKROOT = auto;
				SUPPORTED_PLATFORMS = "iphoneos iphonesimulator macosx";
				SWIFT_EMIT_LOC_STRINGS = YES;
				SWIFT_VERSION = 5.0;
				TARGETED_DEVICE_FAMILY = "1,2";
			};
			name = Debug;
		};
		7685A1A2286868AD00A4BC3C /* Release */ = {
			isa = XCBuildConfiguration;
			buildSettings = {
				ASSETCATALOG_COMPILER_APPICON_NAME = AppIcon;
				ASSETCATALOG_COMPILER_GLOBAL_ACCENT_COLOR_NAME = AccentColor;
				CODE_SIGN_ENTITLEMENTS = App/App.entitlements;
				CODE_SIGN_STYLE = Automatic;
				CURRENT_PROJECT_VERSION = 1;
				DEVELOPMENT_ASSET_PATHS = "";
				DEVELOPMENT_TEAM = 7459JWM5TY;
				ENABLE_HARDENED_RUNTIME = YES;
				ENABLE_PREVIEWS = YES;
				GENERATE_INFOPLIST_FILE = YES;
				INFOPLIST_FILE = "";
				INFOPLIST_KEY_CFBundleDisplayName = Raindrop.io;
				INFOPLIST_KEY_LSApplicationCategoryType = "public.app-category.productivity";
				INFOPLIST_KEY_NSHumanReadableCopyright = "";
				"INFOPLIST_KEY_UILaunchScreen_Generation[sdk=iphoneos*]" = YES;
				"INFOPLIST_KEY_UILaunchScreen_Generation[sdk=iphonesimulator*]" = YES;
				INFOPLIST_KEY_UISupportedInterfaceOrientations_iPad = "UIInterfaceOrientationPortrait UIInterfaceOrientationPortraitUpsideDown UIInterfaceOrientationLandscapeLeft UIInterfaceOrientationLandscapeRight";
				INFOPLIST_KEY_UISupportedInterfaceOrientations_iPhone = "UIInterfaceOrientationPortrait UIInterfaceOrientationLandscapeLeft UIInterfaceOrientationLandscapeRight";
				IPHONEOS_DEPLOYMENT_TARGET = 16.0;
				LD_RUNPATH_SEARCH_PATHS = "@executable_path/Frameworks";
				"LD_RUNPATH_SEARCH_PATHS[sdk=macosx*]" = "@executable_path/../Frameworks";
				MACOSX_DEPLOYMENT_TARGET = 13.0;
				MARKETING_VERSION = 1.0;
				PRODUCT_BUNDLE_IDENTIFIER = io.raindrop.cupertino;
				"PRODUCT_BUNDLE_IDENTIFIER[sdk=iphoneos*]" = io.raindrop.ios;
				"PRODUCT_BUNDLE_IDENTIFIER[sdk=macosx*]" = io.raindrop.safari;
				PRODUCT_NAME = "$(TARGET_NAME)";
				SDKROOT = auto;
				SUPPORTED_PLATFORMS = "iphoneos iphonesimulator macosx";
				SWIFT_EMIT_LOC_STRINGS = YES;
				SWIFT_VERSION = 5.0;
				TARGETED_DEVICE_FAMILY = "1,2";
			};
			name = Release;
		};
/* End XCBuildConfiguration section */

/* Begin XCConfigurationList section */
		7685A18C286868AC00A4BC3C /* Build configuration list for PBXProject "Raindrop" */ = {
			isa = XCConfigurationList;
			buildConfigurations = (
				7685A19E286868AD00A4BC3C /* Debug */,
				7685A19F286868AD00A4BC3C /* Release */,
			);
			defaultConfigurationIsVisible = 0;
			defaultConfigurationName = Release;
		};
		7685A1A0286868AD00A4BC3C /* Build configuration list for PBXNativeTarget "Raindrop" */ = {
			isa = XCConfigurationList;
			buildConfigurations = (
				7685A1A1286868AD00A4BC3C /* Debug */,
				7685A1A2286868AD00A4BC3C /* Release */,
			);
			defaultConfigurationIsVisible = 0;
			defaultConfigurationName = Release;
		};
/* End XCConfigurationList section */

/* Begin XCSwiftPackageProductDependency section */
		7639A6AF28688A7900A76FE9 /* UI */ = {
			isa = XCSwiftPackageProductDependency;
			productName = UI;
		};
		7685A1AE2868810D00A4BC3C /* API */ = {
			isa = XCSwiftPackageProductDependency;
			productName = API;
		};
/* End XCSwiftPackageProductDependency section */
	};
	rootObject = 7685A189286868AC00A4BC3C /* Project object */;
}
