// !$*UTF8*$!
{
	archiveVersion = 1;
	classes = {
	};
	objectVersion = 56;
	objects = {

/* Begin PBXBuildFile section */
		760DD2FD2942333D00103C9E /* SaveFiles.swift in Sources */ = {isa = PBXBuildFile; fileRef = 760DD2FC2942333D00103C9E /* SaveFiles.swift */; };
		760DD2FF294237E900103C9E /* NothingFound.swift in Sources */ = {isa = PBXBuildFile; fileRef = 760DD2FE294237E900103C9E /* NothingFound.swift */; };
		76143B0228842C85006A7508 /* UI in Frameworks */ = {isa = PBXBuildFile; productRef = 76143B0128842C85006A7508 /* UI */; };
		761F4CAD299E2E86008C1E6D /* SettingsAppIcon.swift in Sources */ = {isa = PBXBuildFile; fileRef = 761F4CAC299E2E86008C1E6D /* SettingsAppIcon.swift */; };
		761F6C3029A3AC99002919BC /* Cached.swift in Sources */ = {isa = PBXBuildFile; fileRef = 761F6C2F29A3AC99002919BC /* Cached.swift */; };
		761F6C3229A3ADA0002919BC /* Preview.swift in Sources */ = {isa = PBXBuildFile; fileRef = 761F6C3129A3ADA0002919BC /* Preview.swift */; };
		76292CE42951A4D7000E16AA /* SettingsHome.swift in Sources */ = {isa = PBXBuildFile; fileRef = 76292CE32951A4D7000E16AA /* SettingsHome.swift */; };
		76292CE82951B413000E16AA /* SettingsWebApp.swift in Sources */ = {isa = PBXBuildFile; fileRef = 76292CE72951B413000E16AA /* SettingsWebApp.swift */; };
		76292CEA2951B86F000E16AA /* SettingsSubscription.swift in Sources */ = {isa = PBXBuildFile; fileRef = 76292CE92951B86F000E16AA /* SettingsSubscription.swift */; };
		76292CEC2951BC52000E16AA /* SettingsBrowser.swift in Sources */ = {isa = PBXBuildFile; fileRef = 76292CEB2951BC52000E16AA /* SettingsBrowser.swift */; };
		76292CEE2951BF65000E16AA /* SettingsTheme.swift in Sources */ = {isa = PBXBuildFile; fileRef = 76292CED2951BF65000E16AA /* SettingsTheme.swift */; };
		76292CF02951C7D2000E16AA /* SettingsLogout.swift in Sources */ = {isa = PBXBuildFile; fileRef = 76292CEF2951C7D2000E16AA /* SettingsLogout.swift */; };
		76292CF82952F2CB000E16AA /* PreferredBrowser.swift in Sources */ = {isa = PBXBuildFile; fileRef = 76292CF72952F2CB000E16AA /* PreferredBrowser.swift */; };
		76292CFA2952F2DF000E16AA /* PreferredTheme.swift in Sources */ = {isa = PBXBuildFile; fileRef = 76292CF92952F2DF000E16AA /* PreferredTheme.swift */; };
		76460FA7292A6E3B00C21ACE /* API in Frameworks */ = {isa = PBXBuildFile; productRef = 76460FA6292A6E3B00C21ACE /* API */; };
		765F23FE2991409500282298 /* Browser.swift in Sources */ = {isa = PBXBuildFile; fileRef = 765F23FD2991409500282298 /* Browser.swift */; };
		7673C0AA295DD3B8002D4229 /* SidebarScreen+Toolbar.swift in Sources */ = {isa = PBXBuildFile; fileRef = 7673C0A9295DD3B8002D4229 /* SidebarScreen+Toolbar.swift */; };
		76799F8B299632790042DF78 /* Folder.swift in Sources */ = {isa = PBXBuildFile; fileRef = 76799F8A299632790042DF78 /* Folder.swift */; };
		767F098C299FD6E200349902 /* WebExtension.swift in Sources */ = {isa = PBXBuildFile; fileRef = 767F0944299FD6E100349902 /* WebExtension.swift */; };
		767F09B4299FD94B00349902 /* WebExtension.appex in Embed Foundation Extensions */ = {isa = PBXBuildFile; fileRef = 767F096F299FD6E200349902 /* WebExtension.appex */; settings = {ATTRIBUTES = (RemoveHeadersOnCopy, ); }; };
		767F0B5329A3744D00349902 /* index.html in Resources */ = {isa = PBXBuildFile; fileRef = 767F0B0129A3744C00349902 /* index.html */; };
		767F0B5429A3744D00349902 /* background.js in Resources */ = {isa = PBXBuildFile; fileRef = 767F0B0229A3744C00349902 /* background.js */; };
		767F0B6429A3744D00349902 /* manifest.json in Resources */ = {isa = PBXBuildFile; fileRef = 767F0B1329A3744C00349902 /* manifest.json */; };
		767F0B9529A3745A00349902 /* assets in Resources */ = {isa = PBXBuildFile; fileRef = 767F0B9229A3745A00349902 /* assets */; };
		767F0B9629A3745A00349902 /* _locales in Resources */ = {isa = PBXBuildFile; fileRef = 767F0B9329A3745A00349902 /* _locales */; };
		767F0B9729A3745A00349902 /* welcome in Resources */ = {isa = PBXBuildFile; fileRef = 767F0B9429A3745A00349902 /* welcome */; };
		7685A195286868AC00A4BC3C /* App.swift in Sources */ = {isa = PBXBuildFile; fileRef = 7685A194286868AC00A4BC3C /* App.swift */; };
		7685A199286868AD00A4BC3C /* Assets.xcassets in Resources */ = {isa = PBXBuildFile; fileRef = 7685A198286868AD00A4BC3C /* Assets.xcassets */; };
		76864FBD291EA059000B9B45 /* SidebarScreen.swift in Sources */ = {isa = PBXBuildFile; fileRef = 76864FB5291EA059000B9B45 /* SidebarScreen.swift */; };
		768CA1F7294CC10900AD7E62 /* StoreKit.framework in Frameworks */ = {isa = PBXBuildFile; fileRef = 768CA1F6294CC10900AD7E62 /* StoreKit.framework */; };
		768CA1F9294CC15600AD7E62 /* AuthSplash.swift in Sources */ = {isa = PBXBuildFile; fileRef = 768CA1F8294CC15600AD7E62 /* AuthSplash.swift */; };
		768CA1FB294CC17800AD7E62 /* AuthLogIn.swift in Sources */ = {isa = PBXBuildFile; fileRef = 768CA1FA294CC17800AD7E62 /* AuthLogIn.swift */; };
		768CA1FD294CCD5800AD7E62 /* AuthSignup.swift in Sources */ = {isa = PBXBuildFile; fileRef = 768CA1FC294CCD5800AD7E62 /* AuthSignup.swift */; };
		768CA1FF2950420D00AD7E62 /* AuthContinueWith.swift in Sources */ = {isa = PBXBuildFile; fileRef = 768CA1FE2950420D00AD7E62 /* AuthContinueWith.swift */; };
		768CA20129505A6E00AD7E62 /* AuthContinueWith+Apple.swift in Sources */ = {isa = PBXBuildFile; fileRef = 768CA20029505A6E00AD7E62 /* AuthContinueWith+Apple.swift */; };
		768CA20329505AD600AD7E62 /* AuthContinueWith+JWT.swift in Sources */ = {isa = PBXBuildFile; fileRef = 768CA20229505AD600AD7E62 /* AuthContinueWith+JWT.swift */; };
		768CA20529506D7A00AD7E62 /* AuthSplash+Slide.swift in Sources */ = {isa = PBXBuildFile; fileRef = 768CA20429506D7A00AD7E62 /* AuthSplash+Slide.swift */; };
		769056EC297536570090C1EF /* Find.swift in Sources */ = {isa = PBXBuildFile; fileRef = 769056EB297536570090C1EF /* Find.swift */; };
		769056F0297539080090C1EF /* Folder+Title.swift in Sources */ = {isa = PBXBuildFile; fileRef = 769056EF297539080090C1EF /* Folder+Title.swift */; };
		769056F229753E520090C1EF /* Folder+Toolbar.swift in Sources */ = {isa = PBXBuildFile; fileRef = 769056F129753E520090C1EF /* Folder+Toolbar.swift */; };
		769056F4297547C10090C1EF /* Folder+Status.swift in Sources */ = {isa = PBXBuildFile; fileRef = 769056F3297547C10090C1EF /* Folder+Status.swift */; };
		769056F62975499D0090C1EF /* Nesteds.swift in Sources */ = {isa = PBXBuildFile; fileRef = 769056F52975499D0090C1EF /* Nesteds.swift */; };
		7697437429718A6100322290 /* Features in Frameworks */ = {isa = PBXBuildFile; productRef = 7697437329718A6100322290 /* Features */; };
		7697437629718A6900322290 /* Features in Frameworks */ = {isa = PBXBuildFile; productRef = 7697437529718A6900322290 /* Features */; };
		76B16BD02930E6EB00032D7D /* Share.swift in Sources */ = {isa = PBXBuildFile; fileRef = 76B16BCF2930E6EB00032D7D /* Share.swift */; };
		76B16BD42930F34D00032D7D /* API in Frameworks */ = {isa = PBXBuildFile; productRef = 76B16BD32930F34D00032D7D /* API */; };
		76B16BD62930F43900032D7D /* Share.js in Resources */ = {isa = PBXBuildFile; fileRef = 76B16BD52930F43900032D7D /* Share.js */; };
		76B16BE22934BB0F00032D7D /* UI in Frameworks */ = {isa = PBXBuildFile; productRef = 76B16BE12934BB0F00032D7D /* UI */; };
		76B6737E29928308007A412A /* Browse.swift in Sources */ = {isa = PBXBuildFile; fileRef = 76B6737D29928308007A412A /* Browse.swift */; };
		76B6738029928AB1007A412A /* Browser+Toolbar.swift in Sources */ = {isa = PBXBuildFile; fileRef = 76B6737F29928AB1007A412A /* Browser+Toolbar.swift */; };
		76B6738229928FE6007A412A /* ReaderAppearance.swift in Sources */ = {isa = PBXBuildFile; fileRef = 76B6738129928FE6007A412A /* ReaderAppearance.swift */; };
		76B673862993A52A007A412A /* highlights.js in Resources */ = {isa = PBXBuildFile; fileRef = 76B673852993A52A007A412A /* highlights.js */; };
		76BF915A29AB952C001445E5 /* NothingFound+AddText.swift in Sources */ = {isa = PBXBuildFile; fileRef = 76BF915929AB952C001445E5 /* NothingFound+AddText.swift */; };
		76BF915C29AB955D001445E5 /* NothingFound+Generic.swift in Sources */ = {isa = PBXBuildFile; fileRef = 76BF915B29AB955D001445E5 /* NothingFound+Generic.swift */; };
		76BFE36E291E9F6B00DE9DB2 /* AppScene.swift in Sources */ = {isa = PBXBuildFile; fileRef = 76BFE369291E9F6B00DE9DB2 /* AppScene.swift */; };
		76BFE36F291E9F6B00DE9DB2 /* AppRouter.swift in Sources */ = {isa = PBXBuildFile; fileRef = 76BFE36A291E9F6B00DE9DB2 /* AppRouter.swift */; };
		76BFE370291E9F6B00DE9DB2 /* SettingsRouter.swift in Sources */ = {isa = PBXBuildFile; fileRef = 76BFE36B291E9F6B00DE9DB2 /* SettingsRouter.swift */; };
		76BFE371291E9F6B00DE9DB2 /* AuthScene.swift in Sources */ = {isa = PBXBuildFile; fileRef = 76BFE36C291E9F6B00DE9DB2 /* AuthScene.swift */; };
		76BFE372291E9F6B00DE9DB2 /* SettingsScene.swift in Sources */ = {isa = PBXBuildFile; fileRef = 76BFE36D291E9F6B00DE9DB2 /* SettingsScene.swift */; };
		76D880DF2930E1FB00D43AD9 /* ExtensionController.swift in Sources */ = {isa = PBXBuildFile; fileRef = 76D880DE2930E1FB00D43AD9 /* ExtensionController.swift */; };
		76D880E62930E1FB00D43AD9 /* Share.appex in Embed Foundation Extensions */ = {isa = PBXBuildFile; fileRef = 76D880DC2930E1FB00D43AD9 /* Share.appex */; settings = {ATTRIBUTES = (RemoveHeadersOnCopy, ); }; };
		76E51CEA299A8A1400FE7763 /* AppDeepLinks.swift in Sources */ = {isa = PBXBuildFile; fileRef = 76E51CE9299A8A1400FE7763 /* AppDeepLinks.swift */; };
		76ECFDFE2947848500DF15C9 /* Browser+PageError.swift in Sources */ = {isa = PBXBuildFile; fileRef = 76ECFDFD2947848500DF15C9 /* Browser+PageError.swift */; };
		76ECFE0C294B1B5700DF15C9 /* WebHighlights+Event.swift in Sources */ = {isa = PBXBuildFile; fileRef = 76ECFE09294B1B5700DF15C9 /* WebHighlights+Event.swift */; };
		76ECFE0D294B1B5700DF15C9 /* WebHighlights.swift in Sources */ = {isa = PBXBuildFile; fileRef = 76ECFE0B294B1B5700DF15C9 /* WebHighlights.swift */; };
		76ECFE0E294B1B5700DF15C9 /* WebHighlights+Action.swift in Sources */ = {isa = PBXBuildFile; fileRef = 76ECFE0A294B1B5700DF15C9 /* WebHighlights+Action.swift */; };
		76F05F0C293F89EF003CCD75 /* fab.swift in Sources */ = {isa = PBXBuildFile; fileRef = 76F05F0B293F89EF003CCD75 /* fab.swift */; };
		76F05F0E293F8A9E003CCD75 /* FabStack.swift in Sources */ = {isa = PBXBuildFile; fileRef = 76F05F0D293F8A9E003CCD75 /* FabStack.swift */; };
		76F05F12293F95DC003CCD75 /* FabStack+Web.swift in Sources */ = {isa = PBXBuildFile; fileRef = 76F05F11293F95DC003CCD75 /* FabStack+Web.swift */; };
		76F282B52934C24B00D00363 /* ExtensionUI.swift in Sources */ = {isa = PBXBuildFile; fileRef = 76F282B42934C24B00D00363 /* ExtensionUI.swift */; };
		76F282B72934C25400D00363 /* ExtensionService.swift in Sources */ = {isa = PBXBuildFile; fileRef = 76F282B62934C25400D00363 /* ExtensionService.swift */; };
		76F282BA2934C43200D00363 /* NoAuth.swift in Sources */ = {isa = PBXBuildFile; fileRef = 76F282B92934C43200D00363 /* NoAuth.swift */; };
		76F282BC2934C76A00D00363 /* Receive.swift in Sources */ = {isa = PBXBuildFile; fileRef = 76F282BB2934C76A00D00363 /* Receive.swift */; };
/* End PBXBuildFile section */

/* Begin PBXContainerItemProxy section */
		767F09B5299FD94B00349902 /* PBXContainerItemProxy */ = {
			isa = PBXContainerItemProxy;
			containerPortal = 7685A189286868AC00A4BC3C /* Project object */;
			proxyType = 1;
			remoteGlobalIDString = 767F096E299FD6E200349902;
			remoteInfo = "WebExtension (iOS)";
		};
		767F09B829A3592300349902 /* PBXContainerItemProxy */ = {
			isa = PBXContainerItemProxy;
			containerPortal = 7685A189286868AC00A4BC3C /* Project object */;
			proxyType = 1;
			remoteGlobalIDString = 767F0978299FD6E200349902;
			remoteInfo = "WebExtension (macOS)";
		};
		76D880E42930E1FB00D43AD9 /* PBXContainerItemProxy */ = {
			isa = PBXContainerItemProxy;
			containerPortal = 7685A189286868AC00A4BC3C /* Project object */;
			proxyType = 1;
			remoteGlobalIDString = 76D880DB2930E1FB00D43AD9;
			remoteInfo = share;
		};
/* End PBXContainerItemProxy section */

/* Begin PBXCopyFilesBuildPhase section */
		76D880E72930E1FB00D43AD9 /* Embed Foundation Extensions */ = {
			isa = PBXCopyFilesBuildPhase;
			buildActionMask = 2147483647;
			dstPath = "";
			dstSubfolderSpec = 13;
			files = (
				76D880E62930E1FB00D43AD9 /* Share.appex in Embed Foundation Extensions */,
				767F09B4299FD94B00349902 /* WebExtension.appex in Embed Foundation Extensions */,
			);
			name = "Embed Foundation Extensions";
			runOnlyForDeploymentPostprocessing = 0;
		};
/* End PBXCopyFilesBuildPhase section */

/* Begin PBXFileReference section */
		760DD2FC2942333D00103C9E /* SaveFiles.swift */ = {isa = PBXFileReference; lastKnownFileType = sourcecode.swift; path = SaveFiles.swift; sourceTree = "<group>"; };
		760DD2FE294237E900103C9E /* NothingFound.swift */ = {isa = PBXFileReference; lastKnownFileType = sourcecode.swift; path = NothingFound.swift; sourceTree = "<group>"; };
		761F4CAC299E2E86008C1E6D /* SettingsAppIcon.swift */ = {isa = PBXFileReference; lastKnownFileType = sourcecode.swift; path = SettingsAppIcon.swift; sourceTree = "<group>"; };
		761F6C2F29A3AC99002919BC /* Cached.swift */ = {isa = PBXFileReference; lastKnownFileType = sourcecode.swift; path = Cached.swift; sourceTree = "<group>"; };
		761F6C3129A3ADA0002919BC /* Preview.swift */ = {isa = PBXFileReference; lastKnownFileType = sourcecode.swift; path = Preview.swift; sourceTree = "<group>"; };
		76292CE32951A4D7000E16AA /* SettingsHome.swift */ = {isa = PBXFileReference; lastKnownFileType = sourcecode.swift; path = SettingsHome.swift; sourceTree = "<group>"; };
		76292CE72951B413000E16AA /* SettingsWebApp.swift */ = {isa = PBXFileReference; lastKnownFileType = sourcecode.swift; path = SettingsWebApp.swift; sourceTree = "<group>"; };
		76292CE92951B86F000E16AA /* SettingsSubscription.swift */ = {isa = PBXFileReference; lastKnownFileType = sourcecode.swift; path = SettingsSubscription.swift; sourceTree = "<group>"; };
		76292CEB2951BC52000E16AA /* SettingsBrowser.swift */ = {isa = PBXFileReference; lastKnownFileType = sourcecode.swift; path = SettingsBrowser.swift; sourceTree = "<group>"; };
		76292CED2951BF65000E16AA /* SettingsTheme.swift */ = {isa = PBXFileReference; lastKnownFileType = sourcecode.swift; path = SettingsTheme.swift; sourceTree = "<group>"; };
		76292CEF2951C7D2000E16AA /* SettingsLogout.swift */ = {isa = PBXFileReference; lastKnownFileType = sourcecode.swift; path = SettingsLogout.swift; sourceTree = "<group>"; };
		76292CF72952F2CB000E16AA /* PreferredBrowser.swift */ = {isa = PBXFileReference; lastKnownFileType = sourcecode.swift; path = PreferredBrowser.swift; sourceTree = "<group>"; };
		76292CF92952F2DF000E16AA /* PreferredTheme.swift */ = {isa = PBXFileReference; lastKnownFileType = sourcecode.swift; path = PreferredTheme.swift; sourceTree = "<group>"; };
		7639A6AE286889DB00A76FE9 /* UI */ = {isa = PBXFileReference; lastKnownFileType = text; path = UI; sourceTree = SOURCE_ROOT; };
		765F0DDB287EE0FB001E34CA /* App.plist */ = {isa = PBXFileReference; lastKnownFileType = text.plist.xml; path = App.plist; sourceTree = "<group>"; };
		765F23FD2991409500282298 /* Browser.swift */ = {isa = PBXFileReference; lastKnownFileType = sourcecode.swift; path = Browser.swift; sourceTree = "<group>"; };
		7673C0A9295DD3B8002D4229 /* SidebarScreen+Toolbar.swift */ = {isa = PBXFileReference; lastKnownFileType = sourcecode.swift; path = "SidebarScreen+Toolbar.swift"; sourceTree = "<group>"; };
		76799F8A299632790042DF78 /* Folder.swift */ = {isa = PBXFileReference; lastKnownFileType = sourcecode.swift; path = Folder.swift; sourceTree = "<group>"; };
		767AC1162925196F00766998 /* Features */ = {isa = PBXFileReference; lastKnownFileType = wrapper; path = Features; sourceTree = "<group>"; };
		767F0944299FD6E100349902 /* WebExtension.swift */ = {isa = PBXFileReference; lastKnownFileType = sourcecode.swift; path = WebExtension.swift; sourceTree = "<group>"; };
		767F096F299FD6E200349902 /* WebExtension.appex */ = {isa = PBXFileReference; explicitFileType = "wrapper.app-extension"; includeInIndex = 0; path = WebExtension.appex; sourceTree = BUILT_PRODUCTS_DIR; };
		767F0974299FD6E200349902 /* WebExtension.plist */ = {isa = PBXFileReference; lastKnownFileType = text.plist.xml; path = WebExtension.plist; sourceTree = "<group>"; };
		767F097F299FD6E200349902 /* WebExtension.entitlements */ = {isa = PBXFileReference; lastKnownFileType = text.plist.entitlements; path = WebExtension.entitlements; sourceTree = "<group>"; };
		767F0AFE29A36C8900349902 /* download.command */ = {isa = PBXFileReference; lastKnownFileType = text; path = download.command; sourceTree = "<group>"; };
		767F0B0129A3744C00349902 /* index.html */ = {isa = PBXFileReference; fileEncoding = 4; lastKnownFileType = text.html; path = index.html; sourceTree = "<group>"; };
		767F0B0229A3744C00349902 /* background.js */ = {isa = PBXFileReference; fileEncoding = 4; lastKnownFileType = sourcecode.javascript; path = background.js; sourceTree = "<group>"; };
		767F0B1329A3744C00349902 /* manifest.json */ = {isa = PBXFileReference; fileEncoding = 4; lastKnownFileType = text.json; path = manifest.json; sourceTree = "<group>"; };
		767F0B9229A3745A00349902 /* assets */ = {isa = PBXFileReference; lastKnownFileType = folder; path = assets; sourceTree = "<group>"; };
		767F0B9329A3745A00349902 /* _locales */ = {isa = PBXFileReference; lastKnownFileType = folder; path = _locales; sourceTree = "<group>"; };
		767F0B9429A3745A00349902 /* welcome */ = {isa = PBXFileReference; lastKnownFileType = folder; path = welcome; sourceTree = "<group>"; };
		7685A191286868AC00A4BC3C /* Raindrop.app */ = {isa = PBXFileReference; explicitFileType = wrapper.application; includeInIndex = 0; path = Raindrop.app; sourceTree = BUILT_PRODUCTS_DIR; };
		7685A194286868AC00A4BC3C /* App.swift */ = {isa = PBXFileReference; lastKnownFileType = sourcecode.swift; path = App.swift; sourceTree = "<group>"; };
		7685A198286868AD00A4BC3C /* Assets.xcassets */ = {isa = PBXFileReference; lastKnownFileType = folder.assetcatalog; path = Assets.xcassets; sourceTree = "<group>"; };
		7685A19A286868AD00A4BC3C /* App.entitlements */ = {isa = PBXFileReference; lastKnownFileType = text.plist.entitlements; path = App.entitlements; sourceTree = "<group>"; };
		7685A1AC286880F600A4BC3C /* API */ = {isa = PBXFileReference; lastKnownFileType = text; path = API; sourceTree = SOURCE_ROOT; };
		76864FB5291EA059000B9B45 /* SidebarScreen.swift */ = {isa = PBXFileReference; fileEncoding = 4; lastKnownFileType = sourcecode.swift; path = SidebarScreen.swift; sourceTree = "<group>"; };
		768CA1F6294CC10900AD7E62 /* StoreKit.framework */ = {isa = PBXFileReference; lastKnownFileType = wrapper.framework; name = StoreKit.framework; path = System/Library/Frameworks/StoreKit.framework; sourceTree = SDKROOT; };
		768CA1F8294CC15600AD7E62 /* AuthSplash.swift */ = {isa = PBXFileReference; lastKnownFileType = sourcecode.swift; path = AuthSplash.swift; sourceTree = "<group>"; };
		768CA1FA294CC17800AD7E62 /* AuthLogIn.swift */ = {isa = PBXFileReference; lastKnownFileType = sourcecode.swift; path = AuthLogIn.swift; sourceTree = "<group>"; };
		768CA1FC294CCD5800AD7E62 /* AuthSignup.swift */ = {isa = PBXFileReference; lastKnownFileType = sourcecode.swift; path = AuthSignup.swift; sourceTree = "<group>"; };
		768CA1FE2950420D00AD7E62 /* AuthContinueWith.swift */ = {isa = PBXFileReference; lastKnownFileType = sourcecode.swift; path = AuthContinueWith.swift; sourceTree = "<group>"; };
		768CA20029505A6E00AD7E62 /* AuthContinueWith+Apple.swift */ = {isa = PBXFileReference; lastKnownFileType = sourcecode.swift; path = "AuthContinueWith+Apple.swift"; sourceTree = "<group>"; };
		768CA20229505AD600AD7E62 /* AuthContinueWith+JWT.swift */ = {isa = PBXFileReference; lastKnownFileType = sourcecode.swift; path = "AuthContinueWith+JWT.swift"; sourceTree = "<group>"; };
		768CA20429506D7A00AD7E62 /* AuthSplash+Slide.swift */ = {isa = PBXFileReference; lastKnownFileType = sourcecode.swift; path = "AuthSplash+Slide.swift"; sourceTree = "<group>"; };
		769056EB297536570090C1EF /* Find.swift */ = {isa = PBXFileReference; lastKnownFileType = sourcecode.swift; path = Find.swift; sourceTree = "<group>"; };
		769056EF297539080090C1EF /* Folder+Title.swift */ = {isa = PBXFileReference; lastKnownFileType = sourcecode.swift; path = "Folder+Title.swift"; sourceTree = "<group>"; };
		769056F129753E520090C1EF /* Folder+Toolbar.swift */ = {isa = PBXFileReference; lastKnownFileType = sourcecode.swift; path = "Folder+Toolbar.swift"; sourceTree = "<group>"; };
		769056F3297547C10090C1EF /* Folder+Status.swift */ = {isa = PBXFileReference; lastKnownFileType = sourcecode.swift; path = "Folder+Status.swift"; sourceTree = "<group>"; };
		769056F52975499D0090C1EF /* Nesteds.swift */ = {isa = PBXFileReference; lastKnownFileType = sourcecode.swift; path = Nesteds.swift; sourceTree = "<group>"; };
		76B16BCF2930E6EB00032D7D /* Share.swift */ = {isa = PBXFileReference; lastKnownFileType = sourcecode.swift; path = Share.swift; sourceTree = "<group>"; };
		76B16BD52930F43900032D7D /* Share.js */ = {isa = PBXFileReference; lastKnownFileType = sourcecode.javascript; path = Share.js; sourceTree = "<group>"; };
		76B16BDA29310D9500032D7D /* Share.entitlements */ = {isa = PBXFileReference; lastKnownFileType = text.plist.entitlements; path = Share.entitlements; sourceTree = "<group>"; };
		76B6737D29928308007A412A /* Browse.swift */ = {isa = PBXFileReference; lastKnownFileType = sourcecode.swift; path = Browse.swift; sourceTree = "<group>"; };
		76B6737F29928AB1007A412A /* Browser+Toolbar.swift */ = {isa = PBXFileReference; lastKnownFileType = sourcecode.swift; path = "Browser+Toolbar.swift"; sourceTree = "<group>"; };
		76B6738129928FE6007A412A /* ReaderAppearance.swift */ = {isa = PBXFileReference; lastKnownFileType = sourcecode.swift; path = ReaderAppearance.swift; sourceTree = "<group>"; };
		76B673852993A52A007A412A /* highlights.js */ = {isa = PBXFileReference; lastKnownFileType = sourcecode.javascript; path = highlights.js; sourceTree = "<group>"; };
		76BF915929AB952C001445E5 /* NothingFound+AddText.swift */ = {isa = PBXFileReference; lastKnownFileType = sourcecode.swift; path = "NothingFound+AddText.swift"; sourceTree = "<group>"; };
		76BF915B29AB955D001445E5 /* NothingFound+Generic.swift */ = {isa = PBXFileReference; lastKnownFileType = sourcecode.swift; path = "NothingFound+Generic.swift"; sourceTree = "<group>"; };
		76BFE369291E9F6B00DE9DB2 /* AppScene.swift */ = {isa = PBXFileReference; fileEncoding = 4; lastKnownFileType = sourcecode.swift; path = AppScene.swift; sourceTree = "<group>"; };
		76BFE36A291E9F6B00DE9DB2 /* AppRouter.swift */ = {isa = PBXFileReference; fileEncoding = 4; lastKnownFileType = sourcecode.swift; path = AppRouter.swift; sourceTree = "<group>"; };
		76BFE36B291E9F6B00DE9DB2 /* SettingsRouter.swift */ = {isa = PBXFileReference; fileEncoding = 4; lastKnownFileType = sourcecode.swift; path = SettingsRouter.swift; sourceTree = "<group>"; };
		76BFE36C291E9F6B00DE9DB2 /* AuthScene.swift */ = {isa = PBXFileReference; fileEncoding = 4; lastKnownFileType = sourcecode.swift; path = AuthScene.swift; sourceTree = "<group>"; };
		76BFE36D291E9F6B00DE9DB2 /* SettingsScene.swift */ = {isa = PBXFileReference; fileEncoding = 4; lastKnownFileType = sourcecode.swift; path = SettingsScene.swift; sourceTree = "<group>"; };
		76D880DC2930E1FB00D43AD9 /* Share.appex */ = {isa = PBXFileReference; explicitFileType = "wrapper.app-extension"; includeInIndex = 0; path = Share.appex; sourceTree = BUILT_PRODUCTS_DIR; };
		76D880DE2930E1FB00D43AD9 /* ExtensionController.swift */ = {isa = PBXFileReference; lastKnownFileType = sourcecode.swift; path = ExtensionController.swift; sourceTree = "<group>"; };
		76D880E32930E1FB00D43AD9 /* Share.plist */ = {isa = PBXFileReference; lastKnownFileType = text.plist.xml; path = Share.plist; sourceTree = "<group>"; };
		76E08B6929A3976000B3202D /* Backport */ = {isa = PBXFileReference; lastKnownFileType = wrapper; path = Backport; sourceTree = "<group>"; };
		76E51CE9299A8A1400FE7763 /* AppDeepLinks.swift */ = {isa = PBXFileReference; lastKnownFileType = sourcecode.swift; path = AppDeepLinks.swift; sourceTree = "<group>"; };
		76ECFDFD2947848500DF15C9 /* Browser+PageError.swift */ = {isa = PBXFileReference; lastKnownFileType = sourcecode.swift; path = "Browser+PageError.swift"; sourceTree = "<group>"; };
		76ECFE09294B1B5700DF15C9 /* WebHighlights+Event.swift */ = {isa = PBXFileReference; lastKnownFileType = sourcecode.swift; path = "WebHighlights+Event.swift"; sourceTree = "<group>"; };
		76ECFE0A294B1B5700DF15C9 /* WebHighlights+Action.swift */ = {isa = PBXFileReference; lastKnownFileType = sourcecode.swift; path = "WebHighlights+Action.swift"; sourceTree = "<group>"; };
		76ECFE0B294B1B5700DF15C9 /* WebHighlights.swift */ = {isa = PBXFileReference; lastKnownFileType = sourcecode.swift; path = WebHighlights.swift; sourceTree = "<group>"; };
		76F05F0B293F89EF003CCD75 /* fab.swift */ = {isa = PBXFileReference; lastKnownFileType = sourcecode.swift; path = fab.swift; sourceTree = "<group>"; };
		76F05F0D293F8A9E003CCD75 /* FabStack.swift */ = {isa = PBXFileReference; lastKnownFileType = sourcecode.swift; path = FabStack.swift; sourceTree = "<group>"; };
		76F05F11293F95DC003CCD75 /* FabStack+Web.swift */ = {isa = PBXFileReference; lastKnownFileType = sourcecode.swift; path = "FabStack+Web.swift"; sourceTree = "<group>"; };
		76F282B42934C24B00D00363 /* ExtensionUI.swift */ = {isa = PBXFileReference; lastKnownFileType = sourcecode.swift; path = ExtensionUI.swift; sourceTree = "<group>"; };
		76F282B62934C25400D00363 /* ExtensionService.swift */ = {isa = PBXFileReference; lastKnownFileType = sourcecode.swift; path = ExtensionService.swift; sourceTree = "<group>"; };
		76F282B92934C43200D00363 /* NoAuth.swift */ = {isa = PBXFileReference; lastKnownFileType = sourcecode.swift; path = NoAuth.swift; sourceTree = "<group>"; };
		76F282BB2934C76A00D00363 /* Receive.swift */ = {isa = PBXFileReference; lastKnownFileType = sourcecode.swift; path = Receive.swift; sourceTree = "<group>"; };
/* End PBXFileReference section */

/* Begin PBXFrameworksBuildPhase section */
		767F096C299FD6E200349902 /* Frameworks */ = {
			isa = PBXFrameworksBuildPhase;
			buildActionMask = 2147483647;
			files = (
			);
			runOnlyForDeploymentPostprocessing = 0;
		};
		7685A18E286868AC00A4BC3C /* Frameworks */ = {
			isa = PBXFrameworksBuildPhase;
			buildActionMask = 2147483647;
			files = (
				76460FA7292A6E3B00C21ACE /* API in Frameworks */,
				76143B0228842C85006A7508 /* UI in Frameworks */,
				7697437429718A6100322290 /* Features in Frameworks */,
				768CA1F7294CC10900AD7E62 /* StoreKit.framework in Frameworks */,
			);
			runOnlyForDeploymentPostprocessing = 0;
		};
		76D880D92930E1FB00D43AD9 /* Frameworks */ = {
			isa = PBXFrameworksBuildPhase;
			buildActionMask = 2147483647;
			files = (
				76B16BD42930F34D00032D7D /* API in Frameworks */,
				76B16BE22934BB0F00032D7D /* UI in Frameworks */,
				7697437629718A6900322290 /* Features in Frameworks */,
			);
			runOnlyForDeploymentPostprocessing = 0;
		};
/* End PBXFrameworksBuildPhase section */

/* Begin PBXGroup section */
		765F23FC2991408C00282298 /* Browser */ = {
			isa = PBXGroup;
			children = (
				761F6C3129A3ADA0002919BC /* Preview.swift */,
				761F6C2F29A3AC99002919BC /* Cached.swift */,
				76B6737D29928308007A412A /* Browse.swift */,
				765F23FD2991409500282298 /* Browser.swift */,
				76B6737F29928AB1007A412A /* Browser+Toolbar.swift */,
				76ECFDFD2947848500DF15C9 /* Browser+PageError.swift */,
				76B6738129928FE6007A412A /* ReaderAppearance.swift */,
				76B673852993A52A007A412A /* highlights.js */,
				76ECFE0B294B1B5700DF15C9 /* WebHighlights.swift */,
				76ECFE0A294B1B5700DF15C9 /* WebHighlights+Action.swift */,
				76ECFE09294B1B5700DF15C9 /* WebHighlights+Event.swift */,
			);
			path = Browser;
			sourceTree = "<group>";
		};
		767AC10F2925147E00766998 /* Settings */ = {
			isa = PBXGroup;
			children = (
				769743792971943B00322290 /* Screens */,
				7697437A2971945000322290 /* Storage */,
				76BFE36D291E9F6B00DE9DB2 /* SettingsScene.swift */,
				76BFE36B291E9F6B00DE9DB2 /* SettingsRouter.swift */,
			);
			path = Settings;
			sourceTree = "<group>";
		};
		767AC1102925148D00766998 /* Auth */ = {
			isa = PBXGroup;
			children = (
				76BFE36C291E9F6B00DE9DB2 /* AuthScene.swift */,
				768CA1F8294CC15600AD7E62 /* AuthSplash.swift */,
				768CA20429506D7A00AD7E62 /* AuthSplash+Slide.swift */,
				768CA1FA294CC17800AD7E62 /* AuthLogIn.swift */,
				768CA1FC294CCD5800AD7E62 /* AuthSignup.swift */,
				768CA1FE2950420D00AD7E62 /* AuthContinueWith.swift */,
				768CA20029505A6E00AD7E62 /* AuthContinueWith+Apple.swift */,
				768CA20229505AD600AD7E62 /* AuthContinueWith+JWT.swift */,
			);
			path = Auth;
			sourceTree = "<group>";
		};
		767AC111292514C500766998 /* Sidebar */ = {
			isa = PBXGroup;
			children = (
				76864FB5291EA059000B9B45 /* SidebarScreen.swift */,
				7673C0A9295DD3B8002D4229 /* SidebarScreen+Toolbar.swift */,
			);
			path = Sidebar;
			sourceTree = "<group>";
		};
		767F0943299FD6E100349902 /* WebExtension */ = {
			isa = PBXGroup;
			children = (
				767F0B0029A3744C00349902 /* dist */,
				767F097F299FD6E200349902 /* WebExtension.entitlements */,
				767F0974299FD6E200349902 /* WebExtension.plist */,
				767F0944299FD6E100349902 /* WebExtension.swift */,
				767F0AFE29A36C8900349902 /* download.command */,
			);
			path = WebExtension;
			sourceTree = "<group>";
		};
		767F0B0029A3744C00349902 /* dist */ = {
			isa = PBXGroup;
			children = (
				767F0B9329A3745A00349902 /* _locales */,
				767F0B9229A3745A00349902 /* assets */,
				767F0B9429A3745A00349902 /* welcome */,
				767F0B0129A3744C00349902 /* index.html */,
				767F0B0229A3744C00349902 /* background.js */,
				767F0B1329A3744C00349902 /* manifest.json */,
			);
			path = dist;
			sourceTree = "<group>";
		};
		7685A188286868AC00A4BC3C = {
			isa = PBXGroup;
			children = (
				7685A1A428687C6000A4BC3C /* App */,
				76D880DD2930E1FB00D43AD9 /* Share */,
				767F0943299FD6E100349902 /* WebExtension */,
				767AC1162925196F00766998 /* Features */,
				7685A1AC286880F600A4BC3C /* API */,
				76E08B6929A3976000B3202D /* Backport */,
				7639A6AE286889DB00A76FE9 /* UI */,
				7685A192286868AC00A4BC3C /* Products */,
				7685A1AD2868810D00A4BC3C /* Frameworks */,
			);
			sourceTree = "<group>";
		};
		7685A192286868AC00A4BC3C /* Products */ = {
			isa = PBXGroup;
			children = (
				7685A191286868AC00A4BC3C /* Raindrop.app */,
				76D880DC2930E1FB00D43AD9 /* Share.appex */,
				767F096F299FD6E200349902 /* WebExtension.appex */,
			);
			name = Products;
			sourceTree = "<group>";
		};
		7685A1A428687C6000A4BC3C /* App */ = {
			isa = PBXGroup;
			children = (
				767AC1102925148D00766998 /* Auth */,
				765F23FC2991408C00282298 /* Browser */,
				76F05F0A293F89D4003CCD75 /* Fab */,
				769056EA2975364E0090C1EF /* Find */,
				767AC111292514C500766998 /* Sidebar */,
				767AC10F2925147E00766998 /* Settings */,
				7685A194286868AC00A4BC3C /* App.swift */,
				76BFE36A291E9F6B00DE9DB2 /* AppRouter.swift */,
				76BFE369291E9F6B00DE9DB2 /* AppScene.swift */,
				76E51CE9299A8A1400FE7763 /* AppDeepLinks.swift */,
				7685A19A286868AD00A4BC3C /* App.entitlements */,
				765F0DDB287EE0FB001E34CA /* App.plist */,
				7685A198286868AD00A4BC3C /* Assets.xcassets */,
			);
			path = App;
			sourceTree = "<group>";
		};
		7685A1AD2868810D00A4BC3C /* Frameworks */ = {
			isa = PBXGroup;
			children = (
				768CA1F6294CC10900AD7E62 /* StoreKit.framework */,
			);
			name = Frameworks;
			sourceTree = "<group>";
		};
		769056EA2975364E0090C1EF /* Find */ = {
			isa = PBXGroup;
			children = (
				769056EB297536570090C1EF /* Find.swift */,
				76799F8A299632790042DF78 /* Folder.swift */,
				769056F3297547C10090C1EF /* Folder+Status.swift */,
				769056EF297539080090C1EF /* Folder+Title.swift */,
				769056F129753E520090C1EF /* Folder+Toolbar.swift */,
				769056F52975499D0090C1EF /* Nesteds.swift */,
			);
			path = Find;
			sourceTree = "<group>";
		};
		769743792971943B00322290 /* Screens */ = {
			isa = PBXGroup;
			children = (
				76292CE32951A4D7000E16AA /* SettingsHome.swift */,
				76292CE72951B413000E16AA /* SettingsWebApp.swift */,
				76292CE92951B86F000E16AA /* SettingsSubscription.swift */,
				761F4CAC299E2E86008C1E6D /* SettingsAppIcon.swift */,
				76292CEB2951BC52000E16AA /* SettingsBrowser.swift */,
				76292CED2951BF65000E16AA /* SettingsTheme.swift */,
				76292CEF2951C7D2000E16AA /* SettingsLogout.swift */,
			);
			path = Screens;
			sourceTree = "<group>";
		};
		7697437A2971945000322290 /* Storage */ = {
			isa = PBXGroup;
			children = (
				76292CF72952F2CB000E16AA /* PreferredBrowser.swift */,
				76292CF92952F2DF000E16AA /* PreferredTheme.swift */,
			);
			path = Storage;
			sourceTree = "<group>";
		};
		76B16BE32934BC3300032D7D /* Modules */ = {
			isa = PBXGroup;
			children = (
				76F282B42934C24B00D00363 /* ExtensionUI.swift */,
				76F282B62934C25400D00363 /* ExtensionService.swift */,
				76D880DE2930E1FB00D43AD9 /* ExtensionController.swift */,
			);
			path = Modules;
			sourceTree = "<group>";
		};
		76D880DD2930E1FB00D43AD9 /* Share */ = {
			isa = PBXGroup;
			children = (
				76F282B82934C41D00D00363 /* Views */,
				76B16BE32934BC3300032D7D /* Modules */,
				76B16BCF2930E6EB00032D7D /* Share.swift */,
				76D880E32930E1FB00D43AD9 /* Share.plist */,
				76B16BDA29310D9500032D7D /* Share.entitlements */,
				76B16BD52930F43900032D7D /* Share.js */,
			);
			path = Share;
			sourceTree = "<group>";
		};
		76F05F0A293F89D4003CCD75 /* Fab */ = {
			isa = PBXGroup;
			children = (
				76F05F0B293F89EF003CCD75 /* fab.swift */,
				76F05F0D293F8A9E003CCD75 /* FabStack.swift */,
				76F05F11293F95DC003CCD75 /* FabStack+Web.swift */,
			);
			path = Fab;
			sourceTree = "<group>";
		};
		76F282B82934C41D00D00363 /* Views */ = {
			isa = PBXGroup;
			children = (
				76F282BB2934C76A00D00363 /* Receive.swift */,
				760DD2FE294237E900103C9E /* NothingFound.swift */,
				76BF915B29AB955D001445E5 /* NothingFound+Generic.swift */,
				76BF915929AB952C001445E5 /* NothingFound+AddText.swift */,
				760DD2FC2942333D00103C9E /* SaveFiles.swift */,
				76F282B92934C43200D00363 /* NoAuth.swift */,
			);
			path = Views;
			sourceTree = "<group>";
		};
/* End PBXGroup section */

/* Begin PBXNativeTarget section */
		767F096E299FD6E200349902 /* WebExtension (iOS) */ = {
			isa = PBXNativeTarget;
			buildConfigurationList = 767F09A8299FD6E200349902 /* Build configuration list for PBXNativeTarget "WebExtension (iOS)" */;
			buildPhases = (
				767F0AFD29A368C200349902 /* Download latest app/extension prod build to ./bundle folder */,
				767F096B299FD6E200349902 /* Sources */,
				767F096C299FD6E200349902 /* Frameworks */,
				767F096D299FD6E200349902 /* Resources */,
			);
			buildRules = (
			);
			dependencies = (
			);
			name = "WebExtension (iOS)";
			productName = "WebExtension (iOS)";
			productReference = 767F096F299FD6E200349902 /* WebExtension.appex */;
			productType = "com.apple.product-type.app-extension";
		};
		7685A190286868AC00A4BC3C /* Raindrop */ = {
			isa = PBXNativeTarget;
			buildConfigurationList = 7685A1A0286868AD00A4BC3C /* Build configuration list for PBXNativeTarget "Raindrop" */;
			buildPhases = (
				7685A18D286868AC00A4BC3C /* Sources */,
				7685A18E286868AC00A4BC3C /* Frameworks */,
				7685A18F286868AC00A4BC3C /* Resources */,
				76D880E72930E1FB00D43AD9 /* Embed Foundation Extensions */,
			);
			buildRules = (
			);
			dependencies = (
				76D880E52930E1FB00D43AD9 /* PBXTargetDependency */,
				767F09B6299FD94B00349902 /* PBXTargetDependency */,
				767F09B929A3592300349902 /* PBXTargetDependency */,
			);
			name = Raindrop;
			packageProductDependencies = (
				76143B0128842C85006A7508 /* UI */,
				76460FA6292A6E3B00C21ACE /* API */,
				7697437329718A6100322290 /* Features */,
			);
			productName = cupertino;
			productReference = 7685A191286868AC00A4BC3C /* Raindrop.app */;
			productType = "com.apple.product-type.application";
		};
		76D880DB2930E1FB00D43AD9 /* Share */ = {
			isa = PBXNativeTarget;
			buildConfigurationList = 76D880EA2930E1FB00D43AD9 /* Build configuration list for PBXNativeTarget "Share" */;
			buildPhases = (
				76D880D82930E1FB00D43AD9 /* Sources */,
				76D880D92930E1FB00D43AD9 /* Frameworks */,
				76D880DA2930E1FB00D43AD9 /* Resources */,
			);
			buildRules = (
			);
			dependencies = (
			);
			name = Share;
			packageProductDependencies = (
				76B16BD32930F34D00032D7D /* API */,
				76B16BE12934BB0F00032D7D /* UI */,
				7697437529718A6900322290 /* Features */,
			);
			productName = share;
			productReference = 76D880DC2930E1FB00D43AD9 /* Share.appex */;
			productType = "com.apple.product-type.app-extension";
		};
/* End PBXNativeTarget section */

/* Begin PBXProject section */
		7685A189286868AC00A4BC3C /* Project object */ = {
			isa = PBXProject;
			attributes = {
				BuildIndependentTargetsInParallel = 1;
				LastSwiftUpdateCheck = 1420;
				LastUpgradeCheck = 1410;
				TargetAttributes = {
					767F096E299FD6E200349902 = {
						CreatedOnToolsVersion = 14.2;
					};
					7685A190286868AC00A4BC3C = {
						CreatedOnToolsVersion = 14.0;
					};
					76D880DB2930E1FB00D43AD9 = {
						CreatedOnToolsVersion = 14.1;
					};
				};
			};
			buildConfigurationList = 7685A18C286868AC00A4BC3C /* Build configuration list for PBXProject "Raindrop" */;
			compatibilityVersion = "Xcode 14.0";
			developmentRegion = en;
			hasScannedForEncodings = 0;
			knownRegions = (
				en,
				Base,
			);
			mainGroup = 7685A188286868AC00A4BC3C;
			packageReferences = (
			);
			productRefGroup = 7685A192286868AC00A4BC3C /* Products */;
			projectDirPath = "";
			projectRoot = "";
			targets = (
				7685A190286868AC00A4BC3C /* Raindrop */,
				76D880DB2930E1FB00D43AD9 /* Share */,
				767F096E299FD6E200349902 /* WebExtension (iOS) */,
			);
		};
/* End PBXProject section */

/* Begin PBXResourcesBuildPhase section */
		767F096D299FD6E200349902 /* Resources */ = {
			isa = PBXResourcesBuildPhase;
			buildActionMask = 2147483647;
			files = (
				767F0B6429A3744D00349902 /* manifest.json in Resources */,
				767F0B9529A3745A00349902 /* assets in Resources */,
				767F0B5429A3744D00349902 /* background.js in Resources */,
				767F0B9729A3745A00349902 /* welcome in Resources */,
				767F0B9629A3745A00349902 /* _locales in Resources */,
				767F0B5329A3744D00349902 /* index.html in Resources */,
			);
			runOnlyForDeploymentPostprocessing = 0;
		};
		7685A18F286868AC00A4BC3C /* Resources */ = {
			isa = PBXResourcesBuildPhase;
			buildActionMask = 2147483647;
			files = (
				7685A199286868AD00A4BC3C /* Assets.xcassets in Resources */,
				76B673862993A52A007A412A /* highlights.js in Resources */,
			);
			runOnlyForDeploymentPostprocessing = 0;
		};
		76D880DA2930E1FB00D43AD9 /* Resources */ = {
			isa = PBXResourcesBuildPhase;
			buildActionMask = 2147483647;
			files = (
				76B16BD62930F43900032D7D /* Share.js in Resources */,
			);
			runOnlyForDeploymentPostprocessing = 0;
		};
/* End PBXResourcesBuildPhase section */

/* Begin PBXShellScriptBuildPhase section */
		767F0AFD29A368C200349902 /* Download latest app/extension prod build to ./bundle folder */ = {
			isa = PBXShellScriptBuildPhase;
			alwaysOutOfDate = 1;
			buildActionMask = 2147483647;
			files = (
			);
			inputFileListPaths = (
			);
			inputPaths = (
			);
			name = "Download latest app/extension prod build to ./bundle folder";
			outputFileListPaths = (
			);
			outputPaths = (
			);
			runOnlyForDeploymentPostprocessing = 0;
			shellPath = /bin/sh;
			shellScript = "chmod +x $PROJECT_DIR/WebExtension/download.command\n$PROJECT_DIR/WebExtension/download.command\n";
		};
/* End PBXShellScriptBuildPhase section */

/* Begin PBXSourcesBuildPhase section */
		767F096B299FD6E200349902 /* Sources */ = {
			isa = PBXSourcesBuildPhase;
			buildActionMask = 2147483647;
			files = (
				767F098C299FD6E200349902 /* WebExtension.swift in Sources */,
			);
			runOnlyForDeploymentPostprocessing = 0;
		};
		7685A18D286868AC00A4BC3C /* Sources */ = {
			isa = PBXSourcesBuildPhase;
			buildActionMask = 2147483647;
			files = (
				76ECFE0D294B1B5700DF15C9 /* WebHighlights.swift in Sources */,
				76292CEE2951BF65000E16AA /* SettingsTheme.swift in Sources */,
				76ECFE0C294B1B5700DF15C9 /* WebHighlights+Event.swift in Sources */,
				76292CF82952F2CB000E16AA /* PreferredBrowser.swift in Sources */,
				76B6738029928AB1007A412A /* Browser+Toolbar.swift in Sources */,
				768CA20529506D7A00AD7E62 /* AuthSplash+Slide.swift in Sources */,
				7673C0AA295DD3B8002D4229 /* SidebarScreen+Toolbar.swift in Sources */,
				769056F62975499D0090C1EF /* Nesteds.swift in Sources */,
				768CA1FB294CC17800AD7E62 /* AuthLogIn.swift in Sources */,
				768CA1FF2950420D00AD7E62 /* AuthContinueWith.swift in Sources */,
				765F23FE2991409500282298 /* Browser.swift in Sources */,
				76292CE42951A4D7000E16AA /* SettingsHome.swift in Sources */,
				761F6C3229A3ADA0002919BC /* Preview.swift in Sources */,
				76864FBD291EA059000B9B45 /* SidebarScreen.swift in Sources */,
				76292CE82951B413000E16AA /* SettingsWebApp.swift in Sources */,
				769056F0297539080090C1EF /* Folder+Title.swift in Sources */,
				761F4CAD299E2E86008C1E6D /* SettingsAppIcon.swift in Sources */,
				768CA20329505AD600AD7E62 /* AuthContinueWith+JWT.swift in Sources */,
				76BFE371291E9F6B00DE9DB2 /* AuthScene.swift in Sources */,
				76292CF02951C7D2000E16AA /* SettingsLogout.swift in Sources */,
				76292CFA2952F2DF000E16AA /* PreferredTheme.swift in Sources */,
				76ECFDFE2947848500DF15C9 /* Browser+PageError.swift in Sources */,
				76F05F12293F95DC003CCD75 /* FabStack+Web.swift in Sources */,
				76BFE372291E9F6B00DE9DB2 /* SettingsScene.swift in Sources */,
				76292CEC2951BC52000E16AA /* SettingsBrowser.swift in Sources */,
				76F05F0E293F8A9E003CCD75 /* FabStack.swift in Sources */,
				76ECFE0E294B1B5700DF15C9 /* WebHighlights+Action.swift in Sources */,
				76F05F0C293F89EF003CCD75 /* fab.swift in Sources */,
				76292CEA2951B86F000E16AA /* SettingsSubscription.swift in Sources */,
				768CA20129505A6E00AD7E62 /* AuthContinueWith+Apple.swift in Sources */,
				76E51CEA299A8A1400FE7763 /* AppDeepLinks.swift in Sources */,
				76BFE36F291E9F6B00DE9DB2 /* AppRouter.swift in Sources */,
				761F6C3029A3AC99002919BC /* Cached.swift in Sources */,
				76B6738229928FE6007A412A /* ReaderAppearance.swift in Sources */,
				76B6737E29928308007A412A /* Browse.swift in Sources */,
				769056F229753E520090C1EF /* Folder+Toolbar.swift in Sources */,
				768CA1F9294CC15600AD7E62 /* AuthSplash.swift in Sources */,
				769056EC297536570090C1EF /* Find.swift in Sources */,
				76BFE36E291E9F6B00DE9DB2 /* AppScene.swift in Sources */,
				7685A195286868AC00A4BC3C /* App.swift in Sources */,
				769056F4297547C10090C1EF /* Folder+Status.swift in Sources */,
				76BFE370291E9F6B00DE9DB2 /* SettingsRouter.swift in Sources */,
				768CA1FD294CCD5800AD7E62 /* AuthSignup.swift in Sources */,
				76799F8B299632790042DF78 /* Folder.swift in Sources */,
			);
			runOnlyForDeploymentPostprocessing = 0;
		};
		76D880D82930E1FB00D43AD9 /* Sources */ = {
			isa = PBXSourcesBuildPhase;
			buildActionMask = 2147483647;
			files = (
				760DD2FF294237E900103C9E /* NothingFound.swift in Sources */,
				76F282B52934C24B00D00363 /* ExtensionUI.swift in Sources */,
				76BF915C29AB955D001445E5 /* NothingFound+Generic.swift in Sources */,
				76D880DF2930E1FB00D43AD9 /* ExtensionController.swift in Sources */,
				76B16BD02930E6EB00032D7D /* Share.swift in Sources */,
				76F282B72934C25400D00363 /* ExtensionService.swift in Sources */,
				760DD2FD2942333D00103C9E /* SaveFiles.swift in Sources */,
				76F282BA2934C43200D00363 /* NoAuth.swift in Sources */,
				76BF915A29AB952C001445E5 /* NothingFound+AddText.swift in Sources */,
				76F282BC2934C76A00D00363 /* Receive.swift in Sources */,
			);
			runOnlyForDeploymentPostprocessing = 0;
		};
/* End PBXSourcesBuildPhase section */

/* Begin PBXTargetDependency section */
		767F09B6299FD94B00349902 /* PBXTargetDependency */ = {
			isa = PBXTargetDependency;
			target = 767F096E299FD6E200349902 /* WebExtension (iOS) */;
			targetProxy = 767F09B5299FD94B00349902 /* PBXContainerItemProxy */;
		};
		767F09B929A3592300349902 /* PBXTargetDependency */ = {
			isa = PBXTargetDependency;
			targetProxy = 767F09B829A3592300349902 /* PBXContainerItemProxy */;
		};
		76D880E52930E1FB00D43AD9 /* PBXTargetDependency */ = {
			isa = PBXTargetDependency;
			target = 76D880DB2930E1FB00D43AD9 /* Share */;
			targetProxy = 76D880E42930E1FB00D43AD9 /* PBXContainerItemProxy */;
		};
/* End PBXTargetDependency section */

/* Begin XCBuildConfiguration section */
		767F09A4299FD6E200349902 /* Debug */ = {
			isa = XCBuildConfiguration;
			buildSettings = {
				CLANG_CXX_LANGUAGE_STANDARD = "gnu++20";
				CODE_SIGN_STYLE = Automatic;
				CURRENT_PROJECT_VERSION = 5000;
				DEVELOPMENT_TEAM = 7459JWM5TY;
				GENERATE_INFOPLIST_FILE = YES;
				INFOPLIST_FILE = WebExtension/WebExtension.plist;
				INFOPLIST_KEY_CFBundleDisplayName = Raindrop.io;
				INFOPLIST_KEY_NSHumanReadableCopyright = "";
				IPHONEOS_DEPLOYMENT_TARGET = 15.0;
				LD_RUNPATH_SEARCH_PATHS = (
					"$(inherited)",
					"@executable_path/Frameworks",
					"@executable_path/../../Frameworks",
				);
				MARKETING_VERSION = 5.0.5;
				OTHER_LDFLAGS = (
					"-framework",
					SafariServices,
				);
				PRODUCT_BUNDLE_IDENTIFIER = "io.raindrop.ios.safari-extension";
				PRODUCT_NAME = WebExtension;
				SDKROOT = iphoneos;
				SKIP_INSTALL = YES;
				SWIFT_EMIT_LOC_STRINGS = YES;
				SWIFT_VERSION = 5.0;
				TARGETED_DEVICE_FAMILY = "1,2";
			};
			name = Debug;
		};
		767F09A5299FD6E200349902 /* Release */ = {
			isa = XCBuildConfiguration;
			buildSettings = {
				CLANG_CXX_LANGUAGE_STANDARD = "gnu++20";
				CODE_SIGN_STYLE = Automatic;
				CURRENT_PROJECT_VERSION = 5000;
				DEVELOPMENT_TEAM = 7459JWM5TY;
				GENERATE_INFOPLIST_FILE = YES;
				INFOPLIST_FILE = WebExtension/WebExtension.plist;
				INFOPLIST_KEY_CFBundleDisplayName = Raindrop.io;
				INFOPLIST_KEY_NSHumanReadableCopyright = "";
				IPHONEOS_DEPLOYMENT_TARGET = 15.0;
				LD_RUNPATH_SEARCH_PATHS = (
					"$(inherited)",
					"@executable_path/Frameworks",
					"@executable_path/../../Frameworks",
				);
				MARKETING_VERSION = 5.0.5;
				OTHER_LDFLAGS = (
					"-framework",
					SafariServices,
				);
				PRODUCT_BUNDLE_IDENTIFIER = "io.raindrop.ios.safari-extension";
				PRODUCT_NAME = WebExtension;
				SDKROOT = iphoneos;
				SKIP_INSTALL = YES;
				SWIFT_EMIT_LOC_STRINGS = YES;
				SWIFT_VERSION = 5.0;
				TARGETED_DEVICE_FAMILY = "1,2";
				VALIDATE_PRODUCT = YES;
			};
			name = Release;
		};
		7685A19E286868AD00A4BC3C /* Debug */ = {
			isa = XCBuildConfiguration;
			buildSettings = {
				ALWAYS_SEARCH_USER_PATHS = NO;
				CLANG_ANALYZER_NONNULL = YES;
				CLANG_ANALYZER_NUMBER_OBJECT_CONVERSION = YES_AGGRESSIVE;
				CLANG_CXX_LANGUAGE_STANDARD = "gnu++17";
				CLANG_ENABLE_MODULES = YES;
				CLANG_ENABLE_OBJC_ARC = YES;
				CLANG_ENABLE_OBJC_WEAK = YES;
				CLANG_WARN_BLOCK_CAPTURE_AUTORELEASING = YES;
				CLANG_WARN_BOOL_CONVERSION = YES;
				CLANG_WARN_COMMA = YES;
				CLANG_WARN_CONSTANT_CONVERSION = YES;
				CLANG_WARN_DEPRECATED_OBJC_IMPLEMENTATIONS = YES;
				CLANG_WARN_DIRECT_OBJC_ISA_USAGE = YES_ERROR;
				CLANG_WARN_DOCUMENTATION_COMMENTS = YES;
				CLANG_WARN_EMPTY_BODY = YES;
				CLANG_WARN_ENUM_CONVERSION = YES;
				CLANG_WARN_INFINITE_RECURSION = YES;
				CLANG_WARN_INT_CONVERSION = YES;
				CLANG_WARN_NON_LITERAL_NULL_CONVERSION = YES;
				CLANG_WARN_OBJC_IMPLICIT_RETAIN_SELF = YES;
				CLANG_WARN_OBJC_LITERAL_CONVERSION = YES;
				CLANG_WARN_OBJC_ROOT_CLASS = YES_ERROR;
				CLANG_WARN_QUOTED_INCLUDE_IN_FRAMEWORK_HEADER = YES;
				CLANG_WARN_RANGE_LOOP_ANALYSIS = YES;
				CLANG_WARN_STRICT_PROTOTYPES = YES;
				CLANG_WARN_SUSPICIOUS_MOVE = YES;
				CLANG_WARN_UNGUARDED_AVAILABILITY = YES_AGGRESSIVE;
				CLANG_WARN_UNREACHABLE_CODE = YES;
				CLANG_WARN__DUPLICATE_METHOD_MATCH = YES;
				COPY_PHASE_STRIP = NO;
				DEAD_CODE_STRIPPING = YES;
				DEBUG_INFORMATION_FORMAT = dwarf;
				ENABLE_STRICT_OBJC_MSGSEND = YES;
				ENABLE_TESTABILITY = YES;
				GCC_C_LANGUAGE_STANDARD = gnu11;
				GCC_DYNAMIC_NO_PIC = NO;
				GCC_NO_COMMON_BLOCKS = YES;
				GCC_OPTIMIZATION_LEVEL = 0;
				GCC_PREPROCESSOR_DEFINITIONS = (
					"DEBUG=1",
					"$(inherited)",
				);
				GCC_WARN_64_TO_32_BIT_CONVERSION = YES;
				GCC_WARN_ABOUT_RETURN_TYPE = YES_ERROR;
				GCC_WARN_UNDECLARED_SELECTOR = YES;
				GCC_WARN_UNINITIALIZED_AUTOS = YES_AGGRESSIVE;
				GCC_WARN_UNUSED_FUNCTION = YES;
				GCC_WARN_UNUSED_VARIABLE = YES;
				MTL_ENABLE_DEBUG_INFO = INCLUDE_SOURCE;
				MTL_FAST_MATH = YES;
				ONLY_ACTIVE_ARCH = YES;
				SWIFT_ACTIVE_COMPILATION_CONDITIONS = DEBUG;
				SWIFT_OPTIMIZATION_LEVEL = "-Onone";
			};
			name = Debug;
		};
		7685A19F286868AD00A4BC3C /* Release */ = {
			isa = XCBuildConfiguration;
			buildSettings = {
				ALWAYS_SEARCH_USER_PATHS = NO;
				CLANG_ANALYZER_NONNULL = YES;
				CLANG_ANALYZER_NUMBER_OBJECT_CONVERSION = YES_AGGRESSIVE;
				CLANG_CXX_LANGUAGE_STANDARD = "gnu++17";
				CLANG_ENABLE_MODULES = YES;
				CLANG_ENABLE_OBJC_ARC = YES;
				CLANG_ENABLE_OBJC_WEAK = YES;
				CLANG_WARN_BLOCK_CAPTURE_AUTORELEASING = YES;
				CLANG_WARN_BOOL_CONVERSION = YES;
				CLANG_WARN_COMMA = YES;
				CLANG_WARN_CONSTANT_CONVERSION = YES;
				CLANG_WARN_DEPRECATED_OBJC_IMPLEMENTATIONS = YES;
				CLANG_WARN_DIRECT_OBJC_ISA_USAGE = YES_ERROR;
				CLANG_WARN_DOCUMENTATION_COMMENTS = YES;
				CLANG_WARN_EMPTY_BODY = YES;
				CLANG_WARN_ENUM_CONVERSION = YES;
				CLANG_WARN_INFINITE_RECURSION = YES;
				CLANG_WARN_INT_CONVERSION = YES;
				CLANG_WARN_NON_LITERAL_NULL_CONVERSION = YES;
				CLANG_WARN_OBJC_IMPLICIT_RETAIN_SELF = YES;
				CLANG_WARN_OBJC_LITERAL_CONVERSION = YES;
				CLANG_WARN_OBJC_ROOT_CLASS = YES_ERROR;
				CLANG_WARN_QUOTED_INCLUDE_IN_FRAMEWORK_HEADER = YES;
				CLANG_WARN_RANGE_LOOP_ANALYSIS = YES;
				CLANG_WARN_STRICT_PROTOTYPES = YES;
				CLANG_WARN_SUSPICIOUS_MOVE = YES;
				CLANG_WARN_UNGUARDED_AVAILABILITY = YES_AGGRESSIVE;
				CLANG_WARN_UNREACHABLE_CODE = YES;
				CLANG_WARN__DUPLICATE_METHOD_MATCH = YES;
				COPY_PHASE_STRIP = NO;
				DEAD_CODE_STRIPPING = YES;
				DEBUG_INFORMATION_FORMAT = "dwarf-with-dsym";
				ENABLE_NS_ASSERTIONS = NO;
				ENABLE_STRICT_OBJC_MSGSEND = YES;
				GCC_C_LANGUAGE_STANDARD = gnu11;
				GCC_NO_COMMON_BLOCKS = YES;
				GCC_WARN_64_TO_32_BIT_CONVERSION = YES;
				GCC_WARN_ABOUT_RETURN_TYPE = YES_ERROR;
				GCC_WARN_UNDECLARED_SELECTOR = YES;
				GCC_WARN_UNINITIALIZED_AUTOS = YES_AGGRESSIVE;
				GCC_WARN_UNUSED_FUNCTION = YES;
				GCC_WARN_UNUSED_VARIABLE = YES;
				MTL_ENABLE_DEBUG_INFO = NO;
				MTL_FAST_MATH = YES;
				SWIFT_COMPILATION_MODE = wholemodule;
				SWIFT_OPTIMIZATION_LEVEL = "-O";
			};
			name = Release;
		};
		7685A1A1286868AD00A4BC3C /* Debug */ = {
			isa = XCBuildConfiguration;
			buildSettings = {
				ALWAYS_EMBED_SWIFT_STANDARD_LIBRARIES = YES;
				ASSETCATALOG_COMPILER_APPICON_NAME = AppIcon;
				ASSETCATALOG_COMPILER_GLOBAL_ACCENT_COLOR_NAME = AccentColor;
				ASSETCATALOG_COMPILER_INCLUDE_ALL_APPICON_ASSETS = YES;
				CODE_SIGN_ENTITLEMENTS = App/App.entitlements;
				CODE_SIGN_IDENTITY = "-";
				"CODE_SIGN_IDENTITY[sdk=iphoneos*]" = "Apple Development";
				"CODE_SIGN_IDENTITY[sdk=macosx*]" = "-";
				CODE_SIGN_STYLE = Automatic;
				CURRENT_PROJECT_VERSION = 5000;
				DEAD_CODE_STRIPPING = YES;
				DEVELOPMENT_ASSET_PATHS = "";
				DEVELOPMENT_TEAM = 7459JWM5TY;
				ENABLE_HARDENED_RUNTIME = YES;
				ENABLE_PREVIEWS = YES;
				GENERATE_INFOPLIST_FILE = YES;
				INFOPLIST_FILE = App/App.plist;
				INFOPLIST_KEY_CFBundleDisplayName = Raindrop.io;
				INFOPLIST_KEY_LSApplicationCategoryType = "public.app-category.productivity";
				INFOPLIST_KEY_NSHumanReadableCopyright = "";
				INFOPLIST_KEY_NSPhotoLibraryUsageDescription = "Upload photos to Raindrop.io (only after user select particular image)";
				"INFOPLIST_KEY_UILaunchScreen_Generation[sdk=iphoneos*]" = YES;
				"INFOPLIST_KEY_UILaunchScreen_Generation[sdk=iphonesimulator*]" = YES;
				INFOPLIST_KEY_UISupportedInterfaceOrientations_iPad = "UIInterfaceOrientationPortrait UIInterfaceOrientationPortraitUpsideDown UIInterfaceOrientationLandscapeLeft UIInterfaceOrientationLandscapeRight";
				INFOPLIST_KEY_UISupportedInterfaceOrientations_iPhone = "UIInterfaceOrientationPortrait UIInterfaceOrientationLandscapeLeft UIInterfaceOrientationLandscapeRight";
				IPHONEOS_DEPLOYMENT_TARGET = 16.0;
				LD_RUNPATH_SEARCH_PATHS = "@executable_path/Frameworks";
				"LD_RUNPATH_SEARCH_PATHS[sdk=macosx*]" = "@executable_path/../Frameworks";
				MACOSX_DEPLOYMENT_TARGET = 13.0;
				MARKETING_VERSION = 5.0.5;
				PRODUCT_BUNDLE_IDENTIFIER = io.raindrop.ios;
				PRODUCT_NAME = "$(TARGET_NAME)";
				SDKROOT = auto;
				SUPPORTED_PLATFORMS = "iphoneos iphonesimulator";
				SUPPORTS_MACCATALYST = NO;
				SUPPORTS_MAC_DESIGNED_FOR_IPHONE_IPAD = NO;
				SWIFT_EMIT_LOC_STRINGS = YES;
				SWIFT_VERSION = 5.0;
				TARGETED_DEVICE_FAMILY = "1,2";
			};
			name = Debug;
		};
		7685A1A2286868AD00A4BC3C /* Release */ = {
			isa = XCBuildConfiguration;
			buildSettings = {
				ALWAYS_EMBED_SWIFT_STANDARD_LIBRARIES = YES;
				ASSETCATALOG_COMPILER_APPICON_NAME = AppIcon;
				ASSETCATALOG_COMPILER_GLOBAL_ACCENT_COLOR_NAME = AccentColor;
				ASSETCATALOG_COMPILER_INCLUDE_ALL_APPICON_ASSETS = YES;
				CODE_SIGN_ENTITLEMENTS = App/App.entitlements;
				CODE_SIGN_IDENTITY = "-";
				"CODE_SIGN_IDENTITY[sdk=iphoneos*]" = "Apple Development";
				CODE_SIGN_STYLE = Automatic;
				CURRENT_PROJECT_VERSION = 5000;
				DEAD_CODE_STRIPPING = YES;
				DEVELOPMENT_ASSET_PATHS = "";
				DEVELOPMENT_TEAM = 7459JWM5TY;
				ENABLE_HARDENED_RUNTIME = YES;
				ENABLE_PREVIEWS = YES;
				GENERATE_INFOPLIST_FILE = YES;
				INFOPLIST_FILE = App/App.plist;
				INFOPLIST_KEY_CFBundleDisplayName = Raindrop.io;
				INFOPLIST_KEY_LSApplicationCategoryType = "public.app-category.productivity";
				INFOPLIST_KEY_NSHumanReadableCopyright = "";
				INFOPLIST_KEY_NSPhotoLibraryUsageDescription = "Upload photos to Raindrop.io (only after user select particular image)";
				"INFOPLIST_KEY_UILaunchScreen_Generation[sdk=iphoneos*]" = YES;
				"INFOPLIST_KEY_UILaunchScreen_Generation[sdk=iphonesimulator*]" = YES;
				INFOPLIST_KEY_UISupportedInterfaceOrientations_iPad = "UIInterfaceOrientationPortrait UIInterfaceOrientationPortraitUpsideDown UIInterfaceOrientationLandscapeLeft UIInterfaceOrientationLandscapeRight";
				INFOPLIST_KEY_UISupportedInterfaceOrientations_iPhone = "UIInterfaceOrientationPortrait UIInterfaceOrientationLandscapeLeft UIInterfaceOrientationLandscapeRight";
				IPHONEOS_DEPLOYMENT_TARGET = 16.0;
				LD_RUNPATH_SEARCH_PATHS = "@executable_path/Frameworks";
				"LD_RUNPATH_SEARCH_PATHS[sdk=macosx*]" = "@executable_path/../Frameworks";
				MACOSX_DEPLOYMENT_TARGET = 13.0;
				MARKETING_VERSION = 5.0.5;
				PRODUCT_BUNDLE_IDENTIFIER = io.raindrop.ios;
				PRODUCT_NAME = "$(TARGET_NAME)";
				SDKROOT = auto;
				SUPPORTED_PLATFORMS = "iphoneos iphonesimulator";
				SUPPORTS_MACCATALYST = NO;
				SUPPORTS_MAC_DESIGNED_FOR_IPHONE_IPAD = NO;
				SWIFT_EMIT_LOC_STRINGS = YES;
				SWIFT_VERSION = 5.0;
				TARGETED_DEVICE_FAMILY = "1,2";
			};
			name = Release;
		};
		76D880E82930E1FB00D43AD9 /* Debug */ = {
			isa = XCBuildConfiguration;
			buildSettings = {
				APPLICATION_EXTENSION_API_ONLY = YES;
				CLANG_CXX_LANGUAGE_STANDARD = "gnu++20";
				CODE_SIGN_ENTITLEMENTS = Share/Share.entitlements;
				CODE_SIGN_STYLE = Automatic;
				CURRENT_PROJECT_VERSION = 5000;
				DEVELOPMENT_TEAM = 7459JWM5TY;
				GENERATE_INFOPLIST_FILE = YES;
				INFOPLIST_FILE = share/Share.plist;
				INFOPLIST_KEY_CFBundleDisplayName = Raindrop.io;
				INFOPLIST_KEY_NSHumanReadableCopyright = "";
				IPHONEOS_DEPLOYMENT_TARGET = 16.0;
				LD_RUNPATH_SEARCH_PATHS = (
					"$(inherited)",
					"@executable_path/Frameworks",
					"@executable_path/../../Frameworks",
				);
				MARKETING_VERSION = 5.0.5;
				PRODUCT_BUNDLE_IDENTIFIER = io.raindrop.ios.share;
				PRODUCT_NAME = "$(TARGET_NAME)";
				SDKROOT = iphoneos;
				SKIP_INSTALL = YES;
				SWIFT_EMIT_LOC_STRINGS = YES;
				SWIFT_VERSION = 5.0;
				TARGETED_DEVICE_FAMILY = "1,2";
			};
			name = Debug;
		};
		76D880E92930E1FB00D43AD9 /* Release */ = {
			isa = XCBuildConfiguration;
			buildSettings = {
				APPLICATION_EXTENSION_API_ONLY = YES;
				CLANG_CXX_LANGUAGE_STANDARD = "gnu++20";
				CODE_SIGN_ENTITLEMENTS = Share/Share.entitlements;
				CODE_SIGN_STYLE = Automatic;
				CURRENT_PROJECT_VERSION = 5000;
				DEVELOPMENT_TEAM = 7459JWM5TY;
				GENERATE_INFOPLIST_FILE = YES;
				INFOPLIST_FILE = share/Share.plist;
				INFOPLIST_KEY_CFBundleDisplayName = Raindrop.io;
				INFOPLIST_KEY_NSHumanReadableCopyright = "";
				IPHONEOS_DEPLOYMENT_TARGET = 16.0;
				LD_RUNPATH_SEARCH_PATHS = (
					"$(inherited)",
					"@executable_path/Frameworks",
					"@executable_path/../../Frameworks",
				);
				MARKETING_VERSION = 5.0.5;
				PRODUCT_BUNDLE_IDENTIFIER = io.raindrop.ios.share;
				PRODUCT_NAME = "$(TARGET_NAME)";
				SDKROOT = iphoneos;
				SKIP_INSTALL = YES;
				SWIFT_EMIT_LOC_STRINGS = YES;
				SWIFT_VERSION = 5.0;
				TARGETED_DEVICE_FAMILY = "1,2";
				VALIDATE_PRODUCT = YES;
			};
			name = Release;
		};
/* End XCBuildConfiguration section */

/* Begin XCConfigurationList section */
		767F09A8299FD6E200349902 /* Build configuration list for PBXNativeTarget "WebExtension (iOS)" */ = {
			isa = XCConfigurationList;
			buildConfigurations = (
				767F09A4299FD6E200349902 /* Debug */,
				767F09A5299FD6E200349902 /* Release */,
			);
			defaultConfigurationIsVisible = 0;
			defaultConfigurationName = Release;
		};
		7685A18C286868AC00A4BC3C /* Build configuration list for PBXProject "Raindrop" */ = {
			isa = XCConfigurationList;
			buildConfigurations = (
				7685A19E286868AD00A4BC3C /* Debug */,
				7685A19F286868AD00A4BC3C /* Release */,
			);
			defaultConfigurationIsVisible = 0;
			defaultConfigurationName = Release;
		};
		7685A1A0286868AD00A4BC3C /* Build configuration list for PBXNativeTarget "Raindrop" */ = {
			isa = XCConfigurationList;
			buildConfigurations = (
				7685A1A1286868AD00A4BC3C /* Debug */,
				7685A1A2286868AD00A4BC3C /* Release */,
			);
			defaultConfigurationIsVisible = 0;
			defaultConfigurationName = Release;
		};
		76D880EA2930E1FB00D43AD9 /* Build configuration list for PBXNativeTarget "Share" */ = {
			isa = XCConfigurationList;
			buildConfigurations = (
				76D880E82930E1FB00D43AD9 /* Debug */,
				76D880E92930E1FB00D43AD9 /* Release */,
			);
			defaultConfigurationIsVisible = 0;
			defaultConfigurationName = Release;
		};
/* End XCConfigurationList section */

/* Begin XCSwiftPackageProductDependency section */
		76143B0128842C85006A7508 /* UI */ = {
			isa = XCSwiftPackageProductDependency;
			productName = UI;
		};
		76460FA6292A6E3B00C21ACE /* API */ = {
			isa = XCSwiftPackageProductDependency;
			productName = API;
		};
		7697437329718A6100322290 /* Features */ = {
			isa = XCSwiftPackageProductDependency;
			productName = Features;
		};
		7697437529718A6900322290 /* Features */ = {
			isa = XCSwiftPackageProductDependency;
			productName = Features;
		};
		76B16BD32930F34D00032D7D /* API */ = {
			isa = XCSwiftPackageProductDependency;
			productName = API;
		};
		76B16BE12934BB0F00032D7D /* UI */ = {
			isa = XCSwiftPackageProductDependency;
			productName = UI;
		};
/* End XCSwiftPackageProductDependency section */
	};
	rootObject = 7685A189286868AC00A4BC3C /* Project object */;
}
